<?xml version="1.0" encoding="utf-8"?>
<Project ToolsVersion="4.0" xmlns="http://schemas.microsoft.com/developer/msbuild/2003">
  <ItemGroup>
    <Filter Include="Source Files">
      <UniqueIdentifier>{4FC737F1-C7A5-4376-A066-2A32D752A2FF}</UniqueIdentifier>
      <Extensions>cpp;c;cc;cxx;def;odl;idl;hpj;bat;asm;asmx</Extensions>
    </Filter>
    <Filter Include="Header Files">
      <UniqueIdentifier>{93995380-89BD-4b04-88EB-625FBE52EBFB}</UniqueIdentifier>
      <Extensions>h;hpp;hxx;hm;inl;inc;xsd</Extensions>
    </Filter>
    <Filter Include="Resource Files">
      <UniqueIdentifier>{67DA6AB6-F800-4c08-8B7A-83BB121AAD01}</UniqueIdentifier>
      <Extensions>rc;ico;cur;bmp;dlg;rc2;rct;bin;rgs;gif;jpg;jpeg;jpe;resx;tiff;tif;png;wav</Extensions>
    </Filter>
    <Filter Include="All purposes utility classes">
      <UniqueIdentifier>{c4239de9-fcdf-4e7b-b6f9-449756b9450c}</UniqueIdentifier>
    </Filter>
    <Filter Include="Patterns Gui">
      <UniqueIdentifier>{276b4183-20d7-4d0c-960b-d27691bcb964}</UniqueIdentifier>
    </Filter>
  </ItemGroup>
  <ItemGroup>
    <ClCompile Include="CRIPatternsChart.cpp">
      <Filter>Source Files</Filter>
    </ClCompile>
    <ClCompile Include="CRIPatternsChartCtrl.cpp">
      <Filter>Source Files</Filter>
    </ClCompile>
    <ClCompile Include="CRIPatternsChartPropPage.cpp">
      <Filter>Source Files</Filter>
    </ClCompile>
    <ClCompile Include="..\..\..\Source\Patterns Application\base64.cpp">
      <Filter>All purposes utility classes</Filter>
    </ClCompile>
    <ClCompile Include="..\..\..\Source\Patterns Application\tinystr.cpp">
      <Filter>All purposes utility classes</Filter>
    </ClCompile>
    <ClCompile Include="..\..\..\Source\Patterns Application\tinyxml.cpp">
      <Filter>All purposes utility classes</Filter>
    </ClCompile>
    <ClCompile Include="..\..\..\Source\Patterns Application\tinyxmlerror.cpp">
      <Filter>All purposes utility classes</Filter>
    </ClCompile>
    <ClCompile Include="..\..\..\Source\Patterns Application\tinyxmlparser.cpp">
      <Filter>All purposes utility classes</Filter>
    </ClCompile>
    <ClCompile Include="patterns gui, cri viewer input adapter.cpp">
      <Filter>Patterns Gui</Filter>
    </ClCompile>
    <ClCompile Include="patterns gui, cri tracing.cpp">
      <Filter>Patterns Gui</Filter>
    </ClCompile>
    <ClCompile Include="patterns, crifetus.cpp">
      <Filter>Patterns Gui</Filter>
    </ClCompile>
    <ClCompile Include="patterns, cri input adapter.cpp">
      <Filter>Patterns Gui</Filter>
    </ClCompile>
    <ClCompile Include="patterns, criconductor.cpp">
      <Filter>Patterns Gui</Filter>
    </ClCompile>
    <ClCompile Include="Contractility.cpp">
      <Filter>Patterns Gui</Filter>
    </ClCompile>
    <ClCompile Include="CRICalculation.cpp">
      <Filter>Patterns Gui</Filter>
    </ClCompile>
  </ItemGroup>
  <ItemGroup>
    <None Include="CRIPatternsChart.def">
      <Filter>Source Files</Filter>
    </None>
    <None Include="res\about_banner.bmp">
      <Filter>Resource Files</Filter>
    </None>
    <None Include="res\data_status.bmp">
      <Filter>Resource Files</Filter>
    </None>
    <None Include="res\ge_about_banner.bmp">
      <Filter>Resource Files</Filter>
    </None>
    <None Include="res\ge_banner.bmp">
      <Filter>Resource Files</Filter>
    </None>
    <None Include="CRIPatternsChartCtrl.bmp">
      <Filter>Resource Files</Filter>
    </None>
    <None Include="..\..\..\Source\Patterns Application\res\navigation buttons.bmp">
      <Filter>Resource Files</Filter>
    </None>
    <None Include="res\perigen_banner.bmp">
      <Filter>Resource Files</Filter>
    </None>
    <None Include="res\vcr_buttons.bmp">
      <Filter>Resource Files</Filter>
    </None>
    <None Include="app.config" />
    <None Include="res\power_by_perigen_banner.bmp">
      <Filter>Resource Files</Filter>
    </None>
    <None Include="res\ce_logo.bmp">
      <Filter>Resource Files</Filter>
    </None>
    <None Include="res\Consult_instructions.bmp">
      <Filter>Resource Files</Filter>
    </None>
    <None Include="res\Manufacturer.bmp">
      <Filter>Resource Files</Filter>
    </None>
  </ItemGroup>
  <ItemGroup>
    <Midl Include="CRIPatternsChart.idl">
      <Filter>Source Files</Filter>
    </Midl>
  </ItemGroup>
  <ItemGroup>
    <ClInclude Include="CRIPatternsChart.h">
      <Filter>Header Files</Filter>
    </ClInclude>
    <ClInclude Include="CRIPatternsChartCtrl.h">
      <Filter>Header Files</Filter>
    </ClInclude>
    <ClInclude Include="CRIPatternsChartPropPage.h">
      <Filter>Header Files</Filter>
    </ClInclude>
    <ClInclude Include="..\..\..\Source\Patterns Application\PatternsVersionNumber.h">
      <Filter>Header Files</Filter>
    </ClInclude>
    <ClInclude Include="Resource.h">
      <Filter>Header Files</Filter>
    </ClInclude>
    <ClInclude Include="targetver.h">
      <Filter>Header Files</Filter>
    </ClInclude>
    <ClInclude Include="..\..\..\Source\Patterns Application\base64.h">
      <Filter>All purposes utility classes</Filter>
    </ClInclude>
    <ClInclude Include="..\..\..\Source\Patterns Application\tinystr.h">
      <Filter>All purposes utility classes</Filter>
    </ClInclude>
    <ClInclude Include="..\..\..\Source\Patterns Application\tinyxml.h">
      <Filter>All purposes utility classes</Filter>
    </ClInclude>
    <ClInclude Include="stdafx.h">
      <Filter>Header Files</Filter>
    </ClInclude>
    <ClInclude Include="patterns gui, cri viewer input adapter.h">
      <Filter>Patterns Gui</Filter>
    </ClInclude>
    <ClInclude Include="patterns, crifetus.h">
      <Filter>Patterns Gui</Filter>
    </ClInclude>
    <ClInclude Include="patterns gui, cri tracing.h">
      <Filter>Patterns Gui</Filter>
    </ClInclude>
    <ClInclude Include="patterns, cri input adapter.h">
      <Filter>Patterns Gui</Filter>
    </ClInclude>
    <ClInclude Include="patterns, criconductor.h">
      <Filter>Patterns Gui</Filter>
    </ClInclude>
    <ClInclude Include="Contractility.h">
      <Filter>Patterns Gui</Filter>
    </ClInclude>
    <ClInclude Include="CRICalculation.h">
      <Filter>Patterns Gui</Filter>
    </ClInclude>
  </ItemGroup>
  <ItemGroup>
    <ResourceCompile Include="CRIPatternsChart.rc">
      <Filter>Resource Files</Filter>
    </ResourceCompile>
  </ItemGroup>
</Project>