
Microsoft Visual Studio Solution File, Format Version 12.00
# Visual Studio 14
VisualStudioVersion = 14.0.25420.1
MinimumVisualStudioVersion = 10.0.40219.1
Project("{FAE04EC0-301F-11D3-BF4B-00C04F79EFBC}") = "WindowsService1", "WindowsService1\WindowsService1.csproj", "{B1D706A5-1138-403C-8F4C-34A6D948E0A4}"
EndProject
Project("{FAE04EC0-301F-11D3-BF4B-00C04F79EFBC}") = "WindowsService2", "WindowsService2\WindowsService2.csproj", "{B0C5677E-F61C-415E-970E-24CCA5AFBE8F}"
EndProject
Project("{FAE04EC0-301F-11D3-BF4B-00C04F79EFBC}") = "WindowsServiceMain", "WindowsServiceMain\WindowsServiceMain.csproj", "{C166E608-EDB1-4824-A197-55D6D858B789}"
EndProject
Global
	GlobalSection(SolutionConfigurationPlatforms) = preSolution
		Debug|Any CPU = Debug|Any CPU
		Release|Any CPU = Release|Any CPU
	EndGlobalSection
	GlobalSection(ProjectConfigurationPlatforms) = postSolution
		{B1D706A5-1138-403C-8F4C-34A6D948E0A4}.Debug|Any CPU.ActiveCfg = Debug|Any CPU
		{B1D706A5-1138-403C-8F4C-34A6D948E0A4}.Debug|Any CPU.Build.0 = Debug|Any CPU
		{B1D706A5-1138-403C-8F4C-34A6D948E0A4}.Release|Any CPU.ActiveCfg = Release|Any CPU
		{B1D706A5-1138-403C-8F4C-34A6D948E0A4}.Release|Any CPU.Build.0 = Release|Any CPU
		{B0C5677E-F61C-415E-970E-24CCA5AFBE8F}.Debug|Any CPU.ActiveCfg = Debug|Any CPU
		{B0C5677E-F61C-415E-970E-24CCA5AFBE8F}.Debug|Any CPU.Build.0 = Debug|Any CPU
		{B0C5677E-F61C-415E-970E-24CCA5AFBE8F}.Release|Any CPU.ActiveCfg = Release|Any CPU
		{B0C5677E-F61C-415E-970E-24CCA5AFBE8F}.Release|Any CPU.Build.0 = Release|Any CPU
		{C166E608-EDB1-4824-A197-55D6D858B789}.Debug|Any CPU.ActiveCfg = Debug|Any CPU
		{C166E608-EDB1-4824-A197-55D6D858B789}.Debug|Any CPU.Build.0 = Debug|Any CPU
		{C166E608-EDB1-4824-A197-55D6D858B789}.Release|Any CPU.ActiveCfg = Release|Any CPU
		{C166E608-EDB1-4824-A197-55D6D858B789}.Release|Any CPU.Build.0 = Release|Any CPU
	EndGlobalSection
	GlobalSection(SolutionProperties) = preSolution
		HideSolutionNode = FALSE
	EndGlobalSection
EndGlobal
