
Microsoft Visual Studio Solution File, Format Version 10.00
# Visual Studio 2008
Project("{FAE04EC0-301F-11D3-BF4B-00C04F79EFBC}") = "ProfileResultViewer", "ProfileResultViewer.csproj", "{2655BA43-FEB5-4036-8A51-0A3C4521B161}"
EndProject
Global
	GlobalSection(TeamFoundationVersionControl) = preSolution
		SccNumberOfProjects = 2
		SccEnterpriseProvider = {4CA58AB2-18FA-4F8D-95D4-32DDF27D184C}
		SccTeamFoundationServer = http://atmtf01:8080/
		SccLocalPath0 = .
		SccProjectUniqueName1 = ProfileResultViewer.csproj
		SccLocalPath1 = .
	EndGlobalSection
	GlobalSection(SolutionConfigurationPlatforms) = preSolution
		Debug|Any CPU = Debug|Any CPU
		Release|Any CPU = Release|Any CPU
	EndGlobalSection
	GlobalSection(ProjectConfigurationPlatforms) = postSolution
		{2655BA43-FEB5-4036-8A51-0A3C4521B161}.Debug|Any CPU.ActiveCfg = Debug|Any CPU
		{2655BA43-FEB5-4036-8A51-0A3C4521B161}.Debug|Any CPU.Build.0 = Debug|Any CPU
		{2655BA43-FEB5-4036-8A51-0A3C4521B161}.Release|Any CPU.ActiveCfg = Release|Any CPU
		{2655BA43-FEB5-4036-8A51-0A3C4521B161}.Release|Any CPU.Build.0 = Release|Any CPU
	EndGlobalSection
	GlobalSection(SolutionProperties) = preSolution
		HideSolutionNode = FALSE
	EndGlobalSection
EndGlobal
