
Microsoft Visual Studio Solution File, Format Version 12.00
# Visual Studio 2013
VisualStudioVersion = 12.0.21005.1
MinimumVisualStudioVersion = 10.0.40219.1
Project("{FAE04EC0-301F-11D3-BF4B-00C04F79EFBC}") = "ArtifactsFromLog", "ArtifactsFromLog\ArtifactsFromLog.csproj", "{F735272A-9F6D-44E1-9C35-5AF92C1F5CBE}"
EndProject
Global
	GlobalSection(SolutionConfigurationPlatforms) = preSolution
		Debug|Any CPU = Debug|Any CPU
		Release|Any CPU = Release|Any CPU
	EndGlobalSection
	GlobalSection(ProjectConfigurationPlatforms) = postSolution
		{F735272A-9F6D-44E1-9C35-5AF92C1F5CBE}.Debug|Any CPU.ActiveCfg = Debug|Any CPU
		{F735272A-9F6D-44E1-9C35-5AF92C1F5CBE}.Debug|Any CPU.Build.0 = Debug|Any CPU
		{F735272A-9F6D-44E1-9C35-5AF92C1F5CBE}.Release|Any CPU.ActiveCfg = Release|Any CPU
		{F735272A-9F6D-44E1-9C35-5AF92C1F5CBE}.Release|Any CPU.Build.0 = Release|Any CPU
	EndGlobalSection
	GlobalSection(SolutionProperties) = preSolution
		HideSolutionNode = FALSE
	EndGlobalSection
EndGlobal
