
Microsoft Visual Studio Solution File, Format Version 12.00
# Visual Studio 2013
VisualStudioVersion = 12.0.21005.1
MinimumVisualStudioVersion = 10.0.40219.1
Project("{FAE04EC0-301F-11D3-BF4B-00C04F79EFBC}") = "WebAPIApp", "WebAPIApp\WebAPIApp.csproj", "{BDB0A90C-4637-4496-BB1D-0D524E88646E}"
EndProject
Global
	GlobalSection(SolutionConfigurationPlatforms) = preSolution
		Debug|Any CPU = Debug|Any CPU
		Release|Any CPU = Release|Any CPU
	EndGlobalSection
	GlobalSection(ProjectConfigurationPlatforms) = postSolution
		{BDB0A90C-4637-4496-BB1D-0D524E88646E}.Debug|Any CPU.ActiveCfg = Debug|Any CPU
		{BDB0A90C-4637-4496-BB1D-0D524E88646E}.Debug|Any CPU.Build.0 = Debug|Any CPU
		{BDB0A90C-4637-4496-BB1D-0D524E88646E}.Release|Any CPU.ActiveCfg = Release|Any CPU
		{BDB0A90C-4637-4496-BB1D-0D524E88646E}.Release|Any CPU.Build.0 = Release|Any CPU
	EndGlobalSection
	GlobalSection(SolutionProperties) = preSolution
		HideSolutionNode = FALSE
	EndGlobalSection
EndGlobal
