<?xml version="1.0" encoding="utf-8"?>
<Project ToolsVersion="4.0" xmlns="http://schemas.microsoft.com/developer/msbuild/2003">
  <ItemGroup>
    <Filter Include="Source Files">
      <UniqueIdentifier>{4FC737F1-C7A5-4376-A066-2A32D752A2FF}</UniqueIdentifier>
      <Extensions>cpp;c;cxx;def;odl;idl;hpj;bat;asm;asmx</Extensions>
    </Filter>
    <Filter Include="Header Files">
      <UniqueIdentifier>{93995380-89BD-4b04-88EB-625FBE52EBFB}</UniqueIdentifier>
      <Extensions>h;hpp;hxx;hm;inl;inc;xsd</Extensions>
    </Filter>
    <Filter Include="Resource Files">
      <UniqueIdentifier>{67DA6AB6-F800-4c08-8B7A-83BB121AAD01}</UniqueIdentifier>
      <Extensions>rc;ico;cur;bmp;dlg;rc2;rct;bin;rgs;gif;jpg;jpeg;jpe;resx</Extensions>
    </Filter>
    <Filter Include="SVMModels">
      <UniqueIdentifier>{9578162c-4931-4ac3-905f-37e909cff6b3}</UniqueIdentifier>
    </Filter>
  </ItemGroup>
  <ItemGroup>
    <ClCompile Include="AtypicalClassify.cpp">
      <Filter>Source Files</Filter>
    </ClCompile>
    <ClCompile Include="BaseLine.cpp">
      <Filter>Source Files</Filter>
    </ClCompile>
    <ClCompile Include="BumpExtension.cpp">
      <Filter>Source Files</Filter>
    </ClCompile>
    <ClCompile Include="Config.cpp">
      <Filter>Source Files</Filter>
    </ClCompile>
    <ClCompile Include="DigitalSignal.cpp">
      <Filter>Source Files</Filter>
    </ClCompile>
    <ClCompile Include="FHRSegment.cpp">
      <Filter>Source Files</Filter>
    </ClCompile>
    <ClCompile Include="NN.cpp">
      <Filter>Source Files</Filter>
    </ClCompile>
    <ClCompile Include="OOURA.cpp">
      <Filter>Source Files</Filter>
    </ClCompile>
    <ClCompile Include="patterns, contraction detection.cpp">
      <Filter>Source Files</Filter>
    </ClCompile>
    <ClCompile Include="Repair.cpp">
      <Filter>Source Files</Filter>
    </ClCompile>
    <ClCompile Include="VectorMatrix.cpp">
      <Filter>Source Files</Filter>
    </ClCompile>
  </ItemGroup>
  <ItemGroup>
    <ClInclude Include="AtypicalClassify.h">
      <Filter>Header Files</Filter>
    </ClInclude>
    <ClInclude Include="BaseLine.h">
      <Filter>Header Files</Filter>
    </ClInclude>
    <ClInclude Include="BumpExtension.h">
      <Filter>Header Files</Filter>
    </ClInclude>
    <ClInclude Include="Config.h">
      <Filter>Header Files</Filter>
    </ClInclude>
    <ClInclude Include="DigitalSignal.h">
      <Filter>Header Files</Filter>
    </ClInclude>
    <ClInclude Include="fftw3.h">
      <Filter>Header Files</Filter>
    </ClInclude>
    <ClInclude Include="FHRSegment.h">
      <Filter>Header Files</Filter>
    </ClInclude>
    <ClInclude Include="NN.h">
      <Filter>Header Files</Filter>
    </ClInclude>
    <ClInclude Include="OOURA.h">
      <Filter>Header Files</Filter>
    </ClInclude>
    <ClInclude Include="patterns, contraction detection.h">
      <Filter>Header Files</Filter>
    </ClInclude>
    <ClInclude Include="Repair.h">
      <Filter>Header Files</Filter>
    </ClInclude>
    <ClInclude Include="resource.h">
      <Filter>Header Files</Filter>
    </ClInclude>
    <ClInclude Include="stdafx.h">
      <Filter>Header Files</Filter>
    </ClInclude>
    <ClInclude Include="ThreadLock.h">
      <Filter>Header Files</Filter>
    </ClInclude>
    <ClInclude Include="VectorMatrix.h">
      <Filter>Header Files</Filter>
    </ClInclude>
  </ItemGroup>
  <ItemGroup>
    <ResourceCompile Include="Pattern Detection.rc">
      <Filter>Resource Files</Filter>
    </ResourceCompile>
  </ItemGroup>
  <ItemGroup>
    <None Include="SVMModels\model1">
      <Filter>SVMModels</Filter>
    </None>
    <None Include="SVMModels\model2">
      <Filter>SVMModels</Filter>
    </None>
    <None Include="SVMModels\model3">
      <Filter>SVMModels</Filter>
    </None>
    <None Include="SVMModels\model4">
      <Filter>SVMModels</Filter>
    </None>
    <None Include="SVMModels\model5">
      <Filter>SVMModels</Filter>
    </None>
    <None Include="SVMModels\model6">
      <Filter>SVMModels</Filter>
    </None>
    <None Include="SVMModels\model7">
      <Filter>SVMModels</Filter>
    </None>
    <None Include="SVMModels\model8">
      <Filter>SVMModels</Filter>
    </None>
    <None Include="SVMModels\model9">
      <Filter>SVMModels</Filter>
    </None>
    <None Include="SVMModels\model10">
      <Filter>SVMModels</Filter>
    </None>
  </ItemGroup>
</Project>