Microsoft Visual Studio Solution File, Format Version 12.00
# Visual Studio 2013
VisualStudioVersion = 12.0.21005.1
MinimumVisualStudioVersion = 10.0.40219.1
Project("{2150E333-8FDC-42A3-9474-1A3956D46DE8}") = "Retrospective Patterns", "Retrospective Patterns", "{943246A6-707E-48EC-B10C-1C7050E96C7E}"
EndProject
Project("{2150E333-8FDC-42A3-9474-1A3956D46DE8}") = "Patterns Engine", "Patterns Engine", "{B74EF4D4-5D97-4BA2-82B8-1F0DBF0E5BA7}"
EndProject
Project("{2150E333-8FDC-42A3-9474-1A3956D46DE8}") = "Patterns for CALM", "Patterns for CALM", "{F386AB74-CCA9-4DB7-AB42-AC6B33FEFB6E}"
EndProject
Project("{2150E333-8FDC-42A3-9474-1A3956D46DE8}") = "Patterns OEM ActiveX", "Patterns OEM ActiveX", "{2B3B2788-8883-4732-8D4D-359DBB754BD6}"
EndProject
Project("{2150E333-8FDC-42A3-9474-1A3956D46DE8}") = "Patterns for GE", "Patterns for GE", "{106CCC6E-3DCE-43F8-BD3B-266DB108E1AD}"
EndProject
Project("{2150E333-8FDC-42A3-9474-1A3956D46DE8}") = "Demo", "Demo", "{373F1DCC-2242-4F17-A95C-650FAA791164}"
	ProjectSection(SolutionItems) = preProject
		Wrapper\PatternsOEMChart\Offline Patterns GE.html = Wrapper\PatternsOEMChart\Offline Patterns GE.html
		Wrapper\PatternsOEMChart\Offline Patterns McKesson.html = Wrapper\PatternsOEMChart\Offline Patterns McKesson.html
		Wrapper\PatternsOEMChart\Offline Patterns PeriCALM.html = Wrapper\PatternsOEMChart\Offline Patterns PeriCALM.html
	EndProjectSection
EndProject
Project("{2150E333-8FDC-42A3-9474-1A3956D46DE8}") = "Patterns OEM", "Patterns OEM", "{79425987-508A-42A0-853D-F399E7E2E16E}"
EndProject
Project("{2150E333-8FDC-42A3-9474-1A3956D46DE8}") = "Patterns Curve", "Patterns Curve", "{03B1E4FA-857E-4B02-8E0B-F593DA45A727}"
EndProject
Project("{2150E333-8FDC-42A3-9474-1A3956D46DE8}") = "Research", "Research", "{F0674DD6-E3AD-4526-A98B-3B2EB6A4B548}"
EndProject
Project("{2150E333-8FDC-42A3-9474-1A3956D46DE8}") = "Patterns CRI ActiveX", "Patterns CRI ActiveX", "{D170C9E5-A6C3-4873-B54E-200B6CF77F9C}"
EndProject
Project("{2150E333-8FDC-42A3-9474-1A3956D46DE8}") = "PatternsActiveX", "PatternsActiveX", "{7C2545BF-69D2-474C-BFEC-9AD6BA644166}"
EndProject
Project("{8BC9CEB8-8B4A-11D0-8D11-00A0C91BC942}") = "RetrospectivePatterns", "Source\Patterns Application\RetrospectivePatterns.vcxproj", "{B9FD0575-AD76-42FB-8454-ACA2062BE4A6}"
EndProject
Project("{8BC9CEB8-8B4A-11D0-8D11-00A0C91BC942}") = "PatternsTest", "Source\Patterns Test\PatternsTest.vcxproj", "{9A5D3D4E-5558-4B03-B0F0-46563A21F061}"
EndProject
Project("{8BC9CEB8-8B4A-11D0-8D11-00A0C91BC942}") = "PatternsData", "Source\Pattern Data\PatternData.vcxproj", "{BC91FAB4-3AA3-4750-AC5C-8183EABD2EFA}"
EndProject
Project("{8BC9CEB8-8B4A-11D0-8D11-00A0C91BC942}") = "PatternsDetection", "Source\Pattern Detection\PatternDetection.vcxproj", "{8F0ECA36-1C27-439F-9EE3-F8593A657026}"
EndProject
Project("{8BC9CEB8-8B4A-11D0-8D11-00A0C91BC942}") = "PatternsViewer", "Source\Patterns Application\PatternsViewer.vcxproj", "{DD781F17-07D2-4A87-A46E-C9B64DEC41E9}"
EndProject
Project("{8BC9CEB8-8B4A-11D0-8D11-00A0C91BC942}") = "PatternsCompare", "Source\Patterns Compare\PatternsCompare.vcxproj", "{BD4A713A-207B-4F98-B84B-D5B1C5C9F973}"
EndProject
Project("{8BC9CEB8-8B4A-11D0-8D11-00A0C91BC942}") = "PatternsConsole", "Source\Patterns Console\PatternsConsole.vcxproj", "{2F4FF1B4-A3D5-4111-8629-6D7CCB7DAA6F}"
EndProject
Project("{8BC9CEB8-8B4A-11D0-8D11-00A0C91BC942}") = "RetrospectivePatternsResearch", "Source\Patterns Application\RetrospectivePatternsResearch.vcxproj", "{896E1E13-88D7-4AE3-91BD-D60E12EBF812}"
EndProject
Project("{FAE04EC0-301F-11D3-BF4B-00C04F79EFBC}") = "PeriGen.Patterns.Engine.Data", "Wrapper\Patterns Data\PeriGen.Patterns.Engine.Data.csproj", "{AEAD7FEF-B6F7-475D-ABED-EAD6A4FE1B20}"
EndProject
Project("{8BC9CEB8-8B4A-11D0-8D11-00A0C91BC942}") = "PatternsDriver", "Wrapper\Patterns Driver\PatternsDriver.vcxproj", "{14DC9181-190E-4D37-8E24-C8C89080703D}"
EndProject
Project("{FAE04EC0-301F-11D3-BF4B-00C04F79EFBC}") = "PeriGen.Patterns.Engine", "Wrapper\Patterns Engine\PeriGen.Patterns.Engine.csproj", "{CAC5C9F4-DE6B-4190-82EF-19C327DD055F}"
	ProjectSection(ProjectDependencies) = postProject
		{14DC9181-190E-4D37-8E24-C8C89080703D} = {14DC9181-190E-4D37-8E24-C8C89080703D}
	EndProjectSection
EndProject
Project("{FAE04EC0-301F-11D3-BF4B-00C04F79EFBC}") = "PeriGen.Patterns.Engine.Registration", "Wrapper\Patterns Registration\PeriGen.Patterns.Engine.Registration.csproj", "{42B7DE11-5C33-431B-BBD7-863130B37906}"
	ProjectSection(ProjectDependencies) = postProject
		{CAC5C9F4-DE6B-4190-82EF-19C327DD055F} = {CAC5C9F4-DE6B-4190-82EF-19C327DD055F}
	EndProjectSection
EndProject
Project("{8BC9CEB8-8B4A-11D0-8D11-00A0C91BC942}") = "Patterns OEM Chart", "Wrapper\PatternsOEMChart\LMSPatternsChart\Patterns OEM Chart.vcxproj", "{2D33793F-0E6D-4564-A9FD-D9C06BF57AD4}"
EndProject
Project("{54435603-DBB4-11D2-8724-00A0C9A8B90C}") = "Patterns OEM Setup", "Wrapper\PatternsOEMChart\PatternsOEMChartSetup\Patterns OEM Setup.vdproj", "{4733F32F-26EE-49A7-854A-B23CD82C8730}"
EndProject
Project("{FAE04EC0-301F-11D3-BF4B-00C04F79EFBC}") = "PeriGen.Patterns.ActiveXInterface", "Wrapper\PatternsOEMChart\PeriGen.Patterns.ActiveXInterface\PeriGen.Patterns.ActiveXInterface.csproj", "{CF60DF0B-88FF-4298-B9BF-B7FC352B2717}"
EndProject
Project("{FAE04EC0-301F-11D3-BF4B-00C04F79EFBC}") = "PeriGen.Patterns.Helper", "Wrapper\Patterns Helper\PeriGen.Patterns.Helper.csproj", "{8D385A6E-0E09-49CF-9C49-24740B2B4898}"
EndProject
Project("{FAE04EC0-301F-11D3-BF4B-00C04F79EFBC}") = "PeriGen.Patterns.TestActiveX", "Wrapper\PatternsOEMChart\PeriGen.Patterns.TestActiveX\PeriGen.Patterns.TestActiveX.csproj", "{B034EA9A-E10E-404C-B5D6-6305A71FA0D9}"
	ProjectSection(ProjectDependencies) = postProject
		{92EC7B70-8150-4BEC-896B-5B3AB8494FC1} = {92EC7B70-8150-4BEC-896B-5B3AB8494FC1}
	EndProjectSection
EndProject
Project("{FAE04EC0-301F-11D3-BF4B-00C04F79EFBC}") = "PeriGen.Patterns.Engine.Processor", "Wrapper\Patterns Processor\PeriGen.Patterns.Engine.Processor.csproj", "{E66BDDF5-8564-4EF7-A746-82B25A84ADCD}"
EndProject
Project("{FAE04EC0-301F-11D3-BF4B-00C04F79EFBC}") = "PeriGen.Patterns.Web", "Wrapper\PatternsOEMChart\PeriGen.Patterns.Web\PeriGen.Patterns.Web.csproj", "{92EC7B70-8150-4BEC-896B-5B3AB8494FC1}"
	ProjectSection(ProjectDependencies) = postProject
		{4733F32F-26EE-49A7-854A-B23CD82C8730} = {4733F32F-26EE-49A7-854A-B23CD82C8730}
	EndProjectSection
EndProject
Project("{FAE04EC0-301F-11D3-BF4B-00C04F79EFBC}") = "PeriGen.Patterns.GE.Service", "Wrapper\GE Interface\PeriGen.Patterns.GE.Service\PeriGen.Patterns.GE.Service.csproj", "{94E51F29-3318-465C-B399-ACB59C8A1600}"
	ProjectSection(ProjectDependencies) = postProject
		{67CA331F-A8D9-4204-9354-61CA969363B7} = {67CA331F-A8D9-4204-9354-61CA969363B7}
		{D8303435-E79F-4C4A-B61E-2FBADC7F70FA} = {D8303435-E79F-4C4A-B61E-2FBADC7F70FA}
	EndProjectSection
EndProject
Project("{FAE04EC0-301F-11D3-BF4B-00C04F79EFBC}") = "PeriGen.Patterns.GE.Interface", "Wrapper\GE Interface\PeriGen.Patterns.GE.Interface\PeriGen.Patterns.GE.Interface.csproj", "{682A467E-811E-408E-8581-EEB8481B92BE}"
EndProject
Project("{FAE04EC0-301F-11D3-BF4B-00C04F79EFBC}") = "PeriGen.Patterns.GE.InterfaceTest", "Wrapper\GE Interface\PeriGen.Patterns.GE.InterfaceTest\PeriGen.Patterns.GE.InterfaceTest.csproj", "{2E316E73-6A0F-4526-89E0-16E5663D68A5}"
EndProject
Project("{FAE04EC0-301F-11D3-BF4B-00C04F79EFBC}") = "PeriGen.Patterns.Diagnostics", "Wrapper\PeriGen.Patterns.Diagnostics\PeriGen.Patterns.Diagnostics.csproj", "{67CA331F-A8D9-4204-9354-61CA969363B7}"
EndProject
Project("{FAE04EC0-301F-11D3-BF4B-00C04F79EFBC}") = "PeriGen.Patterns.Settings", "Wrapper\PeriGen.Patterns.Settings\PeriGen.Patterns.Settings.csproj", "{C7F00E4B-8AE7-4621-88B6-FCF4406E7518}"
EndProject
Project("{FAE04EC0-301F-11D3-BF4B-00C04F79EFBC}") = "PeriGen.Patterns.Settings.Tool", "Wrapper\PeriGen.Patterns.Settings.Tool\PeriGen.Patterns.Settings.Tool.csproj", "{87E413B7-89F7-4582-954E-8EF9BC8EF902}"
EndProject
Project("{FAE04EC0-301F-11D3-BF4B-00C04F79EFBC}") = "PeriGen.Patterns.Chalkboard", "Wrapper\PeriGen.Patterns.Chalkboard\PeriGen.Patterns.Chalkboard.csproj", "{94AB134B-938F-4C52-89B1-E1CA4648CE6B}"
EndProject
Project("{FAE04EC0-301F-11D3-BF4B-00C04F79EFBC}") = "PeriGen.Patterns.Data", "Wrapper\PeriGen.Patterns.Data\PeriGen.Patterns.Data.csproj", "{E9F2F32E-12D7-491D-AAA9-E9CDF6562B9F}"
EndProject
Project("{FAE04EC0-301F-11D3-BF4B-00C04F79EFBC}") = "PeriGen.Patterns.Export", "Wrapper\PeriGen.Patterns.Export\PeriGen.Patterns.Export.csproj", "{A19A594A-7C2D-40BA-A64E-853A84A4B37A}"
EndProject
Project("{FAE04EC0-301F-11D3-BF4B-00C04F79EFBC}") = "PeriGen.Patterns.Service", "Wrapper\PeriGen.Patterns.Service\PeriGen.Patterns.Service.csproj", "{42652DCB-AF78-4E97-9161-B97C9C53D219}"
	ProjectSection(ProjectDependencies) = postProject
		{42B7DE11-5C33-431B-BBD7-863130B37906} = {42B7DE11-5C33-431B-BBD7-863130B37906}
		{67CA331F-A8D9-4204-9354-61CA969363B7} = {67CA331F-A8D9-4204-9354-61CA969363B7}
		{94AB134B-938F-4C52-89B1-E1CA4648CE6B} = {94AB134B-938F-4C52-89B1-E1CA4648CE6B}
		{FE561F86-993C-48C6-BCCD-6B12E5D50008} = {FE561F86-993C-48C6-BCCD-6B12E5D50008}
		{87E413B7-89F7-4582-954E-8EF9BC8EF902} = {87E413B7-89F7-4582-954E-8EF9BC8EF902}
		{BE9CF1E0-3FBC-4618-8EFE-4A4056FE01EE} = {BE9CF1E0-3FBC-4618-8EFE-4A4056FE01EE}
	EndProjectSection
EndProject
Project("{FAE04EC0-301F-11D3-BF4B-00C04F79EFBC}") = "PeriGen.Patterns.ConvertTracings", "Wrapper\Patterns Convertor\PeriGen.Patterns.ConvertTracings.csproj", "{6D54BE07-38D2-43AD-88C3-3C1ACE5BB108}"
EndProject
Project("{FAE04EC0-301F-11D3-BF4B-00C04F79EFBC}") = "PeriGen.Patterns.GE.Web", "Wrapper\GE Interface\PeriGen.Patterns.GE.Web\PeriGen.Patterns.GE.Web.csproj", "{D8303435-E79F-4C4A-B61E-2FBADC7F70FA}"
EndProject
Project("{FAE04EC0-301F-11D3-BF4B-00C04F79EFBC}") = "PeriGen.Patterns.WebSite", "Wrapper\PeriGen.Patterns.WebSite\PeriGen.Patterns.WebSite.csproj", "{BE9CF1E0-3FBC-4618-8EFE-4A4056FE01EE}"
	ProjectSection(ProjectDependencies) = postProject
		{4733F32F-26EE-49A7-854A-B23CD82C8730} = {4733F32F-26EE-49A7-854A-B23CD82C8730}
		{2D33793F-0E6D-4564-A9FD-D9C06BF57AD4} = {2D33793F-0E6D-4564-A9FD-D9C06BF57AD4}
		{FE561F86-993C-48C6-BCCD-6B12E5D50008} = {FE561F86-993C-48C6-BCCD-6B12E5D50008}
	EndProjectSection
EndProject
Project("{FAE04EC0-301F-11D3-BF4B-00C04F79EFBC}") = "PeriCALM.Patterns.Curve.UI.Chart", "Wrapper\PatternsCurveChart\PeriCALM.Patterns.Curve.UI.Chart.csproj", "{FE561F86-993C-48C6-BCCD-6B12E5D50008}"
EndProject
Project("{FAE04EC0-301F-11D3-BF4B-00C04F79EFBC}") = "PeriGen.Patterns.Research.SQLHelper", "Wrapper\Patterns Offline Detection\PeriGen.Patterns.Research.SQLHelper\PeriGen.Patterns.Research.SQLHelper.csproj", "{29D74D11-5330-4495-BEF2-34E813FD5E60}"
EndProject
Project("{FAE04EC0-301F-11D3-BF4B-00C04F79EFBC}") = "PeriGen.Patterns.Research.OfflineDetection", "Wrapper\Patterns Offline Detection\PeriGen.Patterns.Research.OfflineDetection\PeriGen.Patterns.Research.OfflineDetection.csproj", "{B70D0A60-00CA-47D8-A617-D8FD87ACE36C}"
EndProject
Project("{FAE04EC0-301F-11D3-BF4B-00C04F79EFBC}") = "PeriGen.Patterns.DecisionSupportAPI.TestTool", "Wrapper\PeriGen.Patterns.Service\PeriGen.Patterns.DecisionSupportAPI.TestTool\PeriGen.Patterns.DecisionSupportAPI.TestTool.csproj", "{E53ED8E6-AA77-4F60-AA1E-9715678FF88F}"
	ProjectSection(ProjectDependencies) = postProject
		{42652DCB-AF78-4E97-9161-B97C9C53D219} = {42652DCB-AF78-4E97-9161-B97C9C53D219}
	EndProjectSection
EndProject
Project("{8BC9CEB8-8B4A-11D0-8D11-00A0C91BC942}") = "Patterns Common", "Source\Patterns Common\Patterns Common.vcxproj", "{D3EB9B22-D1E1-4EAF-A762-A30C00DCB9BA}"
EndProject
Project("{FAE04EC0-301F-11D3-BF4B-00C04F79EFBC}") = "PeriGen.Patterns.BatchProcessor", "Wrapper\Perigen.Patterns.TypesConverter\PeriGen.Patterns.BatchProcessor.csproj", "{6EF8001E-A147-4A92-A5C9-2B8808D4B713}"
EndProject
Project("{8BC9CEB8-8B4A-11D0-8D11-00A0C91BC942}") = "Patterns CRI Chart", "Wrapper\PatternsCRIChart\CRIPatternsChart\Patterns CRI Chart.vcxproj", "{512F5C9E-F30A-4A33-A023-2DBC4B24F448}"
EndProject
Project("{FAE04EC0-301F-11D3-BF4B-00C04F79EFBC}") = "PeriGen.Patterns.CRI.Web", "Wrapper\PatternsCRIChart\PeriGen.Patterns.CRI.Web\PeriGen.Patterns.CRI.Web.csproj", "{BD571E30-9715-4D1B-A170-5D399AF83ED5}"
EndProject
Project("{54435603-DBB4-11D2-8724-00A0C9A8B90C}") = "Patterns CRI Setup", "Wrapper\PatternsCRIChart\PatternsCRIChartSetup\Patterns CRI Setup.vdproj", "{F304F440-298B-4950-895E-FA3C1E62AAC9}"
EndProject
Project("{8BC9CEB8-8B4A-11D0-8D11-00A0C91BC942}") = "PatternsChart", "Wrapper\PatternsActiveXChart\PatternsChart\PatternsActiveXChart.vcxproj", "{0A43A819-B3F9-4081-915B-103AF81F66BB}"
	ProjectSection(ProjectDependencies) = postProject
		{E059D837-AE78-4984-90C5-58FE03E80179} = {E059D837-AE78-4984-90C5-58FE03E80179}
	EndProjectSection
EndProject
Project("{8BC9CEB8-8B4A-11D0-8D11-00A0C91BC942}") = "Torch", "Source\Torch3\Torch\Torch.vcxproj", "{F95B8F50-04D7-45EC-A113-C5960FC4F5AF}"
EndProject
Project("{FAE04EC0-301F-11D3-BF4B-00C04F79EFBC}") = "PeriGen.Patterns.NnetControls", "Wrapper\Perigen.Patterns.NnetControls\PeriGen.Patterns.NnetControls.csproj", "{E059D837-AE78-4984-90C5-58FE03E80179}"
EndProject
Project("{8BC9CEB8-8B4A-11D0-8D11-00A0C91BC942}") = "Perigen.Patterns.NnetControls.Test", "Wrapper\Perigen.Patterns.NnetControls.Test\Perigen.Patterns.NnetControls.Test.vcxproj", "{20B4742A-DD29-47AB-8E60-7F0F9A7B3E39}"
EndProject
Project("{FAE04EC0-301F-11D3-BF4B-00C04F79EFBC}") = "PatternsInstallerCustomAction", "Setup\PatternsInstallerCustomAction\PatternsInstallerCustomAction.csproj", "{FA28688A-246B-4B49-8ED2-AA718E250D82}"
EndProject
Global
	GlobalSection(TeamFoundationVersionControl) = preSolution
		SccNumberOfProjects = 1
		SccEnterpriseProvider = {4CA58AB2-18FA-4F8D-95D4-32DDF27D184C}
		SccTeamFoundationServer = http://tfs:8080/tfs/defaultcollection
		SccProjectUniqueName0 = Wrapper\\PeriGen.Patterns.WebSite\\PeriGen.Patterns.WebSite.csproj
		SccProjectTopLevelParentUniqueName0 = Patterns.sln
		SccAuxPath0 = http://tfs:8080/tfs/defaultcollection
		SccLocalPath0 = Wrapper\\PeriGen.Patterns.WebSite
		SccProvider0 = {4CA58AB2-18FA-4F8D-95D4-32DDF27D184C}
	EndGlobalSection
	GlobalSection(SolutionConfigurationPlatforms) = preSolution
		Debug|Any CPU = Debug|Any CPU
		Debug|Mixed Platforms = Debug|Mixed Platforms
		Debug|Win32 = Debug|Win32
		Debug|x86 = Debug|x86
		Release|Any CPU = Release|Any CPU
		Release|Mixed Platforms = Release|Mixed Platforms
		Release|Win32 = Release|Win32
		Release|x86 = Release|x86
		Template|Any CPU = Template|Any CPU
		Template|Mixed Platforms = Template|Mixed Platforms
		Template|Win32 = Template|Win32
		Template|x86 = Template|x86
	EndGlobalSection
	GlobalSection(ProjectConfigurationPlatforms) = postSolution
		{B9FD0575-AD76-42FB-8454-ACA2062BE4A6}.Debug|Any CPU.ActiveCfg = Debug|Win32
		{B9FD0575-AD76-42FB-8454-ACA2062BE4A6}.Debug|Any CPU.Build.0 = Debug|Win32
		{B9FD0575-AD76-42FB-8454-ACA2062BE4A6}.Debug|Mixed Platforms.ActiveCfg = Debug|Win32
		{B9FD0575-AD76-42FB-8454-ACA2062BE4A6}.Debug|Mixed Platforms.Build.0 = Debug|Win32
		{B9FD0575-AD76-42FB-8454-ACA2062BE4A6}.Debug|Win32.ActiveCfg = Debug|Win32
		{B9FD0575-AD76-42FB-8454-ACA2062BE4A6}.Debug|Win32.Build.0 = Debug|Win32
		{B9FD0575-AD76-42FB-8454-ACA2062BE4A6}.Debug|x86.ActiveCfg = Debug|Win32
		{B9FD0575-AD76-42FB-8454-ACA2062BE4A6}.Release|Any CPU.ActiveCfg = Release|Win32
		{B9FD0575-AD76-42FB-8454-ACA2062BE4A6}.Release|Any CPU.Build.0 = Release|Win32
		{B9FD0575-AD76-42FB-8454-ACA2062BE4A6}.Release|Mixed Platforms.ActiveCfg = Release|Win32
		{B9FD0575-AD76-42FB-8454-ACA2062BE4A6}.Release|Mixed Platforms.Build.0 = Release|Win32
		{B9FD0575-AD76-42FB-8454-ACA2062BE4A6}.Release|Win32.ActiveCfg = Release|Win32
		{B9FD0575-AD76-42FB-8454-ACA2062BE4A6}.Release|Win32.Build.0 = Release|Win32
		{B9FD0575-AD76-42FB-8454-ACA2062BE4A6}.Release|x86.ActiveCfg = Release|Win32
		{B9FD0575-AD76-42FB-8454-ACA2062BE4A6}.Template|Any CPU.ActiveCfg = Template|Win32
		{B9FD0575-AD76-42FB-8454-ACA2062BE4A6}.Template|Mixed Platforms.ActiveCfg = Template|Win32
		{B9FD0575-AD76-42FB-8454-ACA2062BE4A6}.Template|Mixed Platforms.Build.0 = Template|Win32
		{B9FD0575-AD76-42FB-8454-ACA2062BE4A6}.Template|Win32.ActiveCfg = Template|Win32
		{B9FD0575-AD76-42FB-8454-ACA2062BE4A6}.Template|Win32.Build.0 = Template|Win32
		{B9FD0575-AD76-42FB-8454-ACA2062BE4A6}.Template|x86.ActiveCfg = Template|Win32
		{9A5D3D4E-5558-4B03-B0F0-46563A21F061}.Debug|Any CPU.ActiveCfg = Debug|Win32
		{9A5D3D4E-5558-4B03-B0F0-46563A21F061}.Debug|Any CPU.Build.0 = Debug|Win32
		{9A5D3D4E-5558-4B03-B0F0-46563A21F061}.Debug|Mixed Platforms.ActiveCfg = Debug|Win32
		{9A5D3D4E-5558-4B03-B0F0-46563A21F061}.Debug|Mixed Platforms.Build.0 = Debug|Win32
		{9A5D3D4E-5558-4B03-B0F0-46563A21F061}.Debug|Win32.ActiveCfg = Debug|Win32
		{9A5D3D4E-5558-4B03-B0F0-46563A21F061}.Debug|Win32.Build.0 = Debug|Win32
		{9A5D3D4E-5558-4B03-B0F0-46563A21F061}.Debug|x86.ActiveCfg = Debug|Win32
		{9A5D3D4E-5558-4B03-B0F0-46563A21F061}.Release|Any CPU.ActiveCfg = Release|Win32
		{9A5D3D4E-5558-4B03-B0F0-46563A21F061}.Release|Any CPU.Build.0 = Release|Win32
		{9A5D3D4E-5558-4B03-B0F0-46563A21F061}.Release|Mixed Platforms.ActiveCfg = Release|Win32
		{9A5D3D4E-5558-4B03-B0F0-46563A21F061}.Release|Mixed Platforms.Build.0 = Release|Win32
		{9A5D3D4E-5558-4B03-B0F0-46563A21F061}.Release|Win32.ActiveCfg = Release|Win32
		{9A5D3D4E-5558-4B03-B0F0-46563A21F061}.Release|Win32.Build.0 = Release|Win32
		{9A5D3D4E-5558-4B03-B0F0-46563A21F061}.Release|x86.ActiveCfg = Release|Win32
		{9A5D3D4E-5558-4B03-B0F0-46563A21F061}.Template|Any CPU.ActiveCfg = Template|Win32
		{9A5D3D4E-5558-4B03-B0F0-46563A21F061}.Template|Mixed Platforms.ActiveCfg = Template|Win32
		{9A5D3D4E-5558-4B03-B0F0-46563A21F061}.Template|Mixed Platforms.Build.0 = Template|Win32
		{9A5D3D4E-5558-4B03-B0F0-46563A21F061}.Template|Win32.ActiveCfg = Template|Win32
		{9A5D3D4E-5558-4B03-B0F0-46563A21F061}.Template|Win32.Build.0 = Template|Win32
		{9A5D3D4E-5558-4B03-B0F0-46563A21F061}.Template|x86.ActiveCfg = Template|Win32
		{BC91FAB4-3AA3-4750-AC5C-8183EABD2EFA}.Debug|Any CPU.ActiveCfg = Debug|Win32
		{BC91FAB4-3AA3-4750-AC5C-8183EABD2EFA}.Debug|Any CPU.Build.0 = Debug|Win32
		{BC91FAB4-3AA3-4750-AC5C-8183EABD2EFA}.Debug|Mixed Platforms.ActiveCfg = Debug|Win32
		{BC91FAB4-3AA3-4750-AC5C-8183EABD2EFA}.Debug|Mixed Platforms.Build.0 = Debug|Win32
		{BC91FAB4-3AA3-4750-AC5C-8183EABD2EFA}.Debug|Win32.ActiveCfg = Debug|Win32
		{BC91FAB4-3AA3-4750-AC5C-8183EABD2EFA}.Debug|Win32.Build.0 = Debug|Win32
		{BC91FAB4-3AA3-4750-AC5C-8183EABD2EFA}.Debug|x86.ActiveCfg = Debug|Win32
		{BC91FAB4-3AA3-4750-AC5C-8183EABD2EFA}.Release|Any CPU.ActiveCfg = Release|Win32
		{BC91FAB4-3AA3-4750-AC5C-8183EABD2EFA}.Release|Any CPU.Build.0 = Release|Win32
		{BC91FAB4-3AA3-4750-AC5C-8183EABD2EFA}.Release|Mixed Platforms.ActiveCfg = Release|Win32
		{BC91FAB4-3AA3-4750-AC5C-8183EABD2EFA}.Release|Mixed Platforms.Build.0 = Release|Win32
		{BC91FAB4-3AA3-4750-AC5C-8183EABD2EFA}.Release|Win32.ActiveCfg = Release|Win32
		{BC91FAB4-3AA3-4750-AC5C-8183EABD2EFA}.Release|Win32.Build.0 = Release|Win32
		{BC91FAB4-3AA3-4750-AC5C-8183EABD2EFA}.Release|x86.ActiveCfg = Release|Win32
		{BC91FAB4-3AA3-4750-AC5C-8183EABD2EFA}.Template|Any CPU.ActiveCfg = Release|Win32
		{BC91FAB4-3AA3-4750-AC5C-8183EABD2EFA}.Template|Mixed Platforms.ActiveCfg = Release|Win32
		{BC91FAB4-3AA3-4750-AC5C-8183EABD2EFA}.Template|Mixed Platforms.Build.0 = Release|Win32
		{BC91FAB4-3AA3-4750-AC5C-8183EABD2EFA}.Template|Win32.ActiveCfg = Release|Win32
		{BC91FAB4-3AA3-4750-AC5C-8183EABD2EFA}.Template|Win32.Build.0 = Release|Win32
		{BC91FAB4-3AA3-4750-AC5C-8183EABD2EFA}.Template|x86.ActiveCfg = Release|Win32
		{8F0ECA36-1C27-439F-9EE3-F8593A657026}.Debug|Any CPU.ActiveCfg = Debug|Win32
		{8F0ECA36-1C27-439F-9EE3-F8593A657026}.Debug|Any CPU.Build.0 = Debug|Win32
		{8F0ECA36-1C27-439F-9EE3-F8593A657026}.Debug|Mixed Platforms.ActiveCfg = Debug|Win32
		{8F0ECA36-1C27-439F-9EE3-F8593A657026}.Debug|Mixed Platforms.Build.0 = Debug|Win32
		{8F0ECA36-1C27-439F-9EE3-F8593A657026}.Debug|Win32.ActiveCfg = Debug|Win32
		{8F0ECA36-1C27-439F-9EE3-F8593A657026}.Debug|Win32.Build.0 = Debug|Win32
		{8F0ECA36-1C27-439F-9EE3-F8593A657026}.Debug|x86.ActiveCfg = Debug|Win32
		{8F0ECA36-1C27-439F-9EE3-F8593A657026}.Release|Any CPU.ActiveCfg = Release|Win32
		{8F0ECA36-1C27-439F-9EE3-F8593A657026}.Release|Any CPU.Build.0 = Release|Win32
		{8F0ECA36-1C27-439F-9EE3-F8593A657026}.Release|Mixed Platforms.ActiveCfg = Release|Win32
		{8F0ECA36-1C27-439F-9EE3-F8593A657026}.Release|Mixed Platforms.Build.0 = Release|Win32
		{8F0ECA36-1C27-439F-9EE3-F8593A657026}.Release|Win32.ActiveCfg = Release|Win32
		{8F0ECA36-1C27-439F-9EE3-F8593A657026}.Release|Win32.Build.0 = Release|Win32
		{8F0ECA36-1C27-439F-9EE3-F8593A657026}.Release|x86.ActiveCfg = Release|Win32
		{8F0ECA36-1C27-439F-9EE3-F8593A657026}.Template|Any CPU.ActiveCfg = Release|Win32
		{8F0ECA36-1C27-439F-9EE3-F8593A657026}.Template|Mixed Platforms.ActiveCfg = Release|Win32
		{8F0ECA36-1C27-439F-9EE3-F8593A657026}.Template|Mixed Platforms.Build.0 = Release|Win32
		{8F0ECA36-1C27-439F-9EE3-F8593A657026}.Template|Win32.ActiveCfg = Release|Win32
		{8F0ECA36-1C27-439F-9EE3-F8593A657026}.Template|Win32.Build.0 = Release|Win32
		{8F0ECA36-1C27-439F-9EE3-F8593A657026}.Template|x86.ActiveCfg = Release|Win32
		{DD781F17-07D2-4A87-A46E-C9B64DEC41E9}.Debug|Any CPU.ActiveCfg = Debug|Win32
		{DD781F17-07D2-4A87-A46E-C9B64DEC41E9}.Debug|Any CPU.Build.0 = Debug|Win32
		{DD781F17-07D2-4A87-A46E-C9B64DEC41E9}.Debug|Mixed Platforms.ActiveCfg = Debug|Win32
		{DD781F17-07D2-4A87-A46E-C9B64DEC41E9}.Debug|Mixed Platforms.Build.0 = Debug|Win32
		{DD781F17-07D2-4A87-A46E-C9B64DEC41E9}.Debug|Win32.ActiveCfg = Debug|Win32
		{DD781F17-07D2-4A87-A46E-C9B64DEC41E9}.Debug|Win32.Build.0 = Debug|Win32
		{DD781F17-07D2-4A87-A46E-C9B64DEC41E9}.Debug|x86.ActiveCfg = Debug|Win32
		{DD781F17-07D2-4A87-A46E-C9B64DEC41E9}.Release|Any CPU.ActiveCfg = Release|Win32
		{DD781F17-07D2-4A87-A46E-C9B64DEC41E9}.Release|Any CPU.Build.0 = Release|Win32
		{DD781F17-07D2-4A87-A46E-C9B64DEC41E9}.Release|Mixed Platforms.ActiveCfg = Release|Win32
		{DD781F17-07D2-4A87-A46E-C9B64DEC41E9}.Release|Mixed Platforms.Build.0 = Release|Win32
		{DD781F17-07D2-4A87-A46E-C9B64DEC41E9}.Release|Win32.ActiveCfg = Release|Win32
		{DD781F17-07D2-4A87-A46E-C9B64DEC41E9}.Release|Win32.Build.0 = Release|Win32
		{DD781F17-07D2-4A87-A46E-C9B64DEC41E9}.Release|x86.ActiveCfg = Release|Win32
		{DD781F17-07D2-4A87-A46E-C9B64DEC41E9}.Template|Any CPU.ActiveCfg = Template|Win32
		{DD781F17-07D2-4A87-A46E-C9B64DEC41E9}.Template|Mixed Platforms.ActiveCfg = Template|Win32
		{DD781F17-07D2-4A87-A46E-C9B64DEC41E9}.Template|Mixed Platforms.Build.0 = Template|Win32
		{DD781F17-07D2-4A87-A46E-C9B64DEC41E9}.Template|Win32.ActiveCfg = Template|Win32
		{DD781F17-07D2-4A87-A46E-C9B64DEC41E9}.Template|Win32.Build.0 = Template|Win32
		{DD781F17-07D2-4A87-A46E-C9B64DEC41E9}.Template|x86.ActiveCfg = Template|Win32
		{BD4A713A-207B-4F98-B84B-D5B1C5C9F973}.Debug|Any CPU.ActiveCfg = Debug|Win32
		{BD4A713A-207B-4F98-B84B-D5B1C5C9F973}.Debug|Any CPU.Build.0 = Debug|Win32
		{BD4A713A-207B-4F98-B84B-D5B1C5C9F973}.Debug|Mixed Platforms.ActiveCfg = Debug|Win32
		{BD4A713A-207B-4F98-B84B-D5B1C5C9F973}.Debug|Mixed Platforms.Build.0 = Debug|Win32
		{BD4A713A-207B-4F98-B84B-D5B1C5C9F973}.Debug|Win32.ActiveCfg = Debug|Win32
		{BD4A713A-207B-4F98-B84B-D5B1C5C9F973}.Debug|Win32.Build.0 = Debug|Win32
		{BD4A713A-207B-4F98-B84B-D5B1C5C9F973}.Debug|x86.ActiveCfg = Debug|Win32
		{BD4A713A-207B-4F98-B84B-D5B1C5C9F973}.Release|Any CPU.ActiveCfg = Release|Win32
		{BD4A713A-207B-4F98-B84B-D5B1C5C9F973}.Release|Any CPU.Build.0 = Release|Win32
		{BD4A713A-207B-4F98-B84B-D5B1C5C9F973}.Release|Mixed Platforms.ActiveCfg = Release|Win32
		{BD4A713A-207B-4F98-B84B-D5B1C5C9F973}.Release|Mixed Platforms.Build.0 = Release|Win32
		{BD4A713A-207B-4F98-B84B-D5B1C5C9F973}.Release|Win32.ActiveCfg = Release|Win32
		{BD4A713A-207B-4F98-B84B-D5B1C5C9F973}.Release|Win32.Build.0 = Release|Win32
		{BD4A713A-207B-4F98-B84B-D5B1C5C9F973}.Release|x86.ActiveCfg = Release|Win32
		{BD4A713A-207B-4F98-B84B-D5B1C5C9F973}.Template|Any CPU.ActiveCfg = Release|Win32
		{BD4A713A-207B-4F98-B84B-D5B1C5C9F973}.Template|Mixed Platforms.ActiveCfg = Release|Win32
		{BD4A713A-207B-4F98-B84B-D5B1C5C9F973}.Template|Mixed Platforms.Build.0 = Release|Win32
		{BD4A713A-207B-4F98-B84B-D5B1C5C9F973}.Template|Win32.ActiveCfg = Release|Win32
		{BD4A713A-207B-4F98-B84B-D5B1C5C9F973}.Template|Win32.Build.0 = Release|Win32
		{BD4A713A-207B-4F98-B84B-D5B1C5C9F973}.Template|x86.ActiveCfg = Release|Win32
		{2F4FF1B4-A3D5-4111-8629-6D7CCB7DAA6F}.Debug|Any CPU.ActiveCfg = Debug|Win32
		{2F4FF1B4-A3D5-4111-8629-6D7CCB7DAA6F}.Debug|Any CPU.Build.0 = Debug|Win32
		{2F4FF1B4-A3D5-4111-8629-6D7CCB7DAA6F}.Debug|Mixed Platforms.ActiveCfg = Debug|Win32
		{2F4FF1B4-A3D5-4111-8629-6D7CCB7DAA6F}.Debug|Mixed Platforms.Build.0 = Debug|Win32
		{2F4FF1B4-A3D5-4111-8629-6D7CCB7DAA6F}.Debug|Win32.ActiveCfg = Debug|Win32
		{2F4FF1B4-A3D5-4111-8629-6D7CCB7DAA6F}.Debug|Win32.Build.0 = Debug|Win32
		{2F4FF1B4-A3D5-4111-8629-6D7CCB7DAA6F}.Debug|x86.ActiveCfg = Debug|Win32
		{2F4FF1B4-A3D5-4111-8629-6D7CCB7DAA6F}.Release|Any CPU.ActiveCfg = Release|Win32
		{2F4FF1B4-A3D5-4111-8629-6D7CCB7DAA6F}.Release|Any CPU.Build.0 = Release|Win32
		{2F4FF1B4-A3D5-4111-8629-6D7CCB7DAA6F}.Release|Mixed Platforms.ActiveCfg = Release|Win32
		{2F4FF1B4-A3D5-4111-8629-6D7CCB7DAA6F}.Release|Mixed Platforms.Build.0 = Release|Win32
		{2F4FF1B4-A3D5-4111-8629-6D7CCB7DAA6F}.Release|Win32.ActiveCfg = Release|Win32
		{2F4FF1B4-A3D5-4111-8629-6D7CCB7DAA6F}.Release|Win32.Build.0 = Release|Win32
		{2F4FF1B4-A3D5-4111-8629-6D7CCB7DAA6F}.Release|x86.ActiveCfg = Release|Win32
		{2F4FF1B4-A3D5-4111-8629-6D7CCB7DAA6F}.Template|Any CPU.ActiveCfg = Release|Win32
		{2F4FF1B4-A3D5-4111-8629-6D7CCB7DAA6F}.Template|Mixed Platforms.ActiveCfg = Release|Win32
		{2F4FF1B4-A3D5-4111-8629-6D7CCB7DAA6F}.Template|Mixed Platforms.Build.0 = Release|Win32
		{2F4FF1B4-A3D5-4111-8629-6D7CCB7DAA6F}.Template|Win32.ActiveCfg = Release|Win32
		{2F4FF1B4-A3D5-4111-8629-6D7CCB7DAA6F}.Template|Win32.Build.0 = Release|Win32
		{2F4FF1B4-A3D5-4111-8629-6D7CCB7DAA6F}.Template|x86.ActiveCfg = Release|Win32
		{896E1E13-88D7-4AE3-91BD-D60E12EBF812}.Debug|Any CPU.ActiveCfg = Debug|Win32
		{896E1E13-88D7-4AE3-91BD-D60E12EBF812}.Debug|Any CPU.Build.0 = Debug|Win32
		{896E1E13-88D7-4AE3-91BD-D60E12EBF812}.Debug|Mixed Platforms.ActiveCfg = Debug|Win32
		{896E1E13-88D7-4AE3-91BD-D60E12EBF812}.Debug|Mixed Platforms.Build.0 = Debug|Win32
		{896E1E13-88D7-4AE3-91BD-D60E12EBF812}.Debug|Win32.ActiveCfg = Debug|Win32
		{896E1E13-88D7-4AE3-91BD-D60E12EBF812}.Debug|Win32.Build.0 = Debug|Win32
		{896E1E13-88D7-4AE3-91BD-D60E12EBF812}.Debug|x86.ActiveCfg = Debug|Win32
		{896E1E13-88D7-4AE3-91BD-D60E12EBF812}.Release|Any CPU.ActiveCfg = Release|Win32
		{896E1E13-88D7-4AE3-91BD-D60E12EBF812}.Release|Any CPU.Build.0 = Release|Win32
		{896E1E13-88D7-4AE3-91BD-D60E12EBF812}.Release|Mixed Platforms.ActiveCfg = Release|Win32
		{896E1E13-88D7-4AE3-91BD-D60E12EBF812}.Release|Mixed Platforms.Build.0 = Release|Win32
		{896E1E13-88D7-4AE3-91BD-D60E12EBF812}.Release|Win32.ActiveCfg = Release|Win32
		{896E1E13-88D7-4AE3-91BD-D60E12EBF812}.Release|Win32.Build.0 = Release|Win32
		{896E1E13-88D7-4AE3-91BD-D60E12EBF812}.Release|x86.ActiveCfg = Release|Win32
		{896E1E13-88D7-4AE3-91BD-D60E12EBF812}.Template|Any CPU.ActiveCfg = Template|Win32
		{896E1E13-88D7-4AE3-91BD-D60E12EBF812}.Template|Mixed Platforms.ActiveCfg = Template|Win32
		{896E1E13-88D7-4AE3-91BD-D60E12EBF812}.Template|Mixed Platforms.Build.0 = Template|Win32
		{896E1E13-88D7-4AE3-91BD-D60E12EBF812}.Template|Win32.ActiveCfg = Template|Win32
		{896E1E13-88D7-4AE3-91BD-D60E12EBF812}.Template|Win32.Build.0 = Template|Win32
		{896E1E13-88D7-4AE3-91BD-D60E12EBF812}.Template|x86.ActiveCfg = Template|Win32
		{AEAD7FEF-B6F7-475D-ABED-EAD6A4FE1B20}.Debug|Any CPU.ActiveCfg = Debug|Any CPU
		{AEAD7FEF-B6F7-475D-ABED-EAD6A4FE1B20}.Debug|Any CPU.Build.0 = Debug|Any CPU
		{AEAD7FEF-B6F7-475D-ABED-EAD6A4FE1B20}.Debug|Mixed Platforms.ActiveCfg = Debug|Any CPU
		{AEAD7FEF-B6F7-475D-ABED-EAD6A4FE1B20}.Debug|Mixed Platforms.Build.0 = Debug|Any CPU
		{AEAD7FEF-B6F7-475D-ABED-EAD6A4FE1B20}.Debug|Win32.ActiveCfg = Debug|Any CPU
		{AEAD7FEF-B6F7-475D-ABED-EAD6A4FE1B20}.Debug|x86.ActiveCfg = Debug|Any CPU
		{AEAD7FEF-B6F7-475D-ABED-EAD6A4FE1B20}.Release|Any CPU.ActiveCfg = Release|Any CPU
		{AEAD7FEF-B6F7-475D-ABED-EAD6A4FE1B20}.Release|Any CPU.Build.0 = Release|Any CPU
		{AEAD7FEF-B6F7-475D-ABED-EAD6A4FE1B20}.Release|Mixed Platforms.ActiveCfg = Release|Any CPU
		{AEAD7FEF-B6F7-475D-ABED-EAD6A4FE1B20}.Release|Mixed Platforms.Build.0 = Release|Any CPU
		{AEAD7FEF-B6F7-475D-ABED-EAD6A4FE1B20}.Release|Win32.ActiveCfg = Release|Any CPU
		{AEAD7FEF-B6F7-475D-ABED-EAD6A4FE1B20}.Release|x86.ActiveCfg = Release|Any CPU
		{AEAD7FEF-B6F7-475D-ABED-EAD6A4FE1B20}.Template|Any CPU.ActiveCfg = Release|Any CPU
		{AEAD7FEF-B6F7-475D-ABED-EAD6A4FE1B20}.Template|Any CPU.Build.0 = Release|Any CPU
		{AEAD7FEF-B6F7-475D-ABED-EAD6A4FE1B20}.Template|Mixed Platforms.ActiveCfg = Release|Any CPU
		{AEAD7FEF-B6F7-475D-ABED-EAD6A4FE1B20}.Template|Mixed Platforms.Build.0 = Release|Any CPU
		{AEAD7FEF-B6F7-475D-ABED-EAD6A4FE1B20}.Template|Win32.ActiveCfg = Release|Any CPU
		{AEAD7FEF-B6F7-475D-ABED-EAD6A4FE1B20}.Template|x86.ActiveCfg = Release|Any CPU
		{14DC9181-190E-4D37-8E24-C8C89080703D}.Debug|Any CPU.ActiveCfg = Debug|Win32
		{14DC9181-190E-4D37-8E24-C8C89080703D}.Debug|Any CPU.Build.0 = Debug|Win32
		{14DC9181-190E-4D37-8E24-C8C89080703D}.Debug|Mixed Platforms.ActiveCfg = Debug|Win32
		{14DC9181-190E-4D37-8E24-C8C89080703D}.Debug|Mixed Platforms.Build.0 = Debug|Win32
		{14DC9181-190E-4D37-8E24-C8C89080703D}.Debug|Win32.ActiveCfg = Debug|Win32
		{14DC9181-190E-4D37-8E24-C8C89080703D}.Debug|Win32.Build.0 = Debug|Win32
		{14DC9181-190E-4D37-8E24-C8C89080703D}.Debug|x86.ActiveCfg = Debug|Win32
		{14DC9181-190E-4D37-8E24-C8C89080703D}.Release|Any CPU.ActiveCfg = Release|Win32
		{14DC9181-190E-4D37-8E24-C8C89080703D}.Release|Any CPU.Build.0 = Release|Win32
		{14DC9181-190E-4D37-8E24-C8C89080703D}.Release|Mixed Platforms.ActiveCfg = Release|Win32
		{14DC9181-190E-4D37-8E24-C8C89080703D}.Release|Mixed Platforms.Build.0 = Release|Win32
		{14DC9181-190E-4D37-8E24-C8C89080703D}.Release|Win32.ActiveCfg = Release|Win32
		{14DC9181-190E-4D37-8E24-C8C89080703D}.Release|Win32.Build.0 = Release|Win32
		{14DC9181-190E-4D37-8E24-C8C89080703D}.Release|x86.ActiveCfg = Release|Win32
		{14DC9181-190E-4D37-8E24-C8C89080703D}.Template|Any CPU.ActiveCfg = Release|Win32
		{14DC9181-190E-4D37-8E24-C8C89080703D}.Template|Mixed Platforms.ActiveCfg = Release|Win32
		{14DC9181-190E-4D37-8E24-C8C89080703D}.Template|Mixed Platforms.Build.0 = Release|Win32
		{14DC9181-190E-4D37-8E24-C8C89080703D}.Template|Win32.ActiveCfg = Release|Win32
		{14DC9181-190E-4D37-8E24-C8C89080703D}.Template|Win32.Build.0 = Release|Win32
		{14DC9181-190E-4D37-8E24-C8C89080703D}.Template|x86.ActiveCfg = Release|Win32
		{CAC5C9F4-DE6B-4190-82EF-19C327DD055F}.Debug|Any CPU.ActiveCfg = Debug|Any CPU
		{CAC5C9F4-DE6B-4190-82EF-19C327DD055F}.Debug|Any CPU.Build.0 = Debug|Any CPU
		{CAC5C9F4-DE6B-4190-82EF-19C327DD055F}.Debug|Mixed Platforms.ActiveCfg = Debug|Any CPU
		{CAC5C9F4-DE6B-4190-82EF-19C327DD055F}.Debug|Mixed Platforms.Build.0 = Debug|Any CPU
		{CAC5C9F4-DE6B-4190-82EF-19C327DD055F}.Debug|Win32.ActiveCfg = Debug|Any CPU
		{CAC5C9F4-DE6B-4190-82EF-19C327DD055F}.Debug|x86.ActiveCfg = Debug|Any CPU
		{CAC5C9F4-DE6B-4190-82EF-19C327DD055F}.Release|Any CPU.ActiveCfg = Release|Any CPU
		{CAC5C9F4-DE6B-4190-82EF-19C327DD055F}.Release|Any CPU.Build.0 = Release|Any CPU
		{CAC5C9F4-DE6B-4190-82EF-19C327DD055F}.Release|Mixed Platforms.ActiveCfg = Release|Any CPU
		{CAC5C9F4-DE6B-4190-82EF-19C327DD055F}.Release|Mixed Platforms.Build.0 = Release|Any CPU
		{CAC5C9F4-DE6B-4190-82EF-19C327DD055F}.Release|Win32.ActiveCfg = Release|Any CPU
		{CAC5C9F4-DE6B-4190-82EF-19C327DD055F}.Release|x86.ActiveCfg = Release|Any CPU
		{CAC5C9F4-DE6B-4190-82EF-19C327DD055F}.Template|Any CPU.ActiveCfg = Release|Any CPU
		{CAC5C9F4-DE6B-4190-82EF-19C327DD055F}.Template|Any CPU.Build.0 = Release|Any CPU
		{CAC5C9F4-DE6B-4190-82EF-19C327DD055F}.Template|Mixed Platforms.ActiveCfg = Release|Any CPU
		{CAC5C9F4-DE6B-4190-82EF-19C327DD055F}.Template|Mixed Platforms.Build.0 = Release|Any CPU
		{CAC5C9F4-DE6B-4190-82EF-19C327DD055F}.Template|Win32.ActiveCfg = Release|Any CPU
		{CAC5C9F4-DE6B-4190-82EF-19C327DD055F}.Template|x86.ActiveCfg = Release|Any CPU
		{42B7DE11-5C33-431B-BBD7-863130B37906}.Debug|Any CPU.ActiveCfg = Debug|Any CPU
		{42B7DE11-5C33-431B-BBD7-863130B37906}.Debug|Any CPU.Build.0 = Debug|Any CPU
		{42B7DE11-5C33-431B-BBD7-863130B37906}.Debug|Mixed Platforms.ActiveCfg = Debug|Any CPU
		{42B7DE11-5C33-431B-BBD7-863130B37906}.Debug|Mixed Platforms.Build.0 = Debug|Any CPU
		{42B7DE11-5C33-431B-BBD7-863130B37906}.Debug|Win32.ActiveCfg = Debug|Any CPU
		{42B7DE11-5C33-431B-BBD7-863130B37906}.Debug|x86.ActiveCfg = Debug|Any CPU
		{42B7DE11-5C33-431B-BBD7-863130B37906}.Release|Any CPU.ActiveCfg = Release|Any CPU
		{42B7DE11-5C33-431B-BBD7-863130B37906}.Release|Any CPU.Build.0 = Release|Any CPU
		{42B7DE11-5C33-431B-BBD7-863130B37906}.Release|Mixed Platforms.ActiveCfg = Release|Any CPU
		{42B7DE11-5C33-431B-BBD7-863130B37906}.Release|Mixed Platforms.Build.0 = Release|Any CPU
		{42B7DE11-5C33-431B-BBD7-863130B37906}.Release|Win32.ActiveCfg = Release|Any CPU
		{42B7DE11-5C33-431B-BBD7-863130B37906}.Release|x86.ActiveCfg = Release|Any CPU
		{42B7DE11-5C33-431B-BBD7-863130B37906}.Template|Any CPU.ActiveCfg = Release|Any CPU
		{42B7DE11-5C33-431B-BBD7-863130B37906}.Template|Any CPU.Build.0 = Release|Any CPU
		{42B7DE11-5C33-431B-BBD7-863130B37906}.Template|Mixed Platforms.ActiveCfg = Release|Any CPU
		{42B7DE11-5C33-431B-BBD7-863130B37906}.Template|Mixed Platforms.Build.0 = Release|Any CPU
		{42B7DE11-5C33-431B-BBD7-863130B37906}.Template|Win32.ActiveCfg = Release|Any CPU
		{42B7DE11-5C33-431B-BBD7-863130B37906}.Template|x86.ActiveCfg = Release|Any CPU
		{2D33793F-0E6D-4564-A9FD-D9C06BF57AD4}.Debug|Any CPU.ActiveCfg = Debug|Win32
		{2D33793F-0E6D-4564-A9FD-D9C06BF57AD4}.Debug|Any CPU.Build.0 = Debug|Win32
		{2D33793F-0E6D-4564-A9FD-D9C06BF57AD4}.Debug|Mixed Platforms.ActiveCfg = Debug|Win32
		{2D33793F-0E6D-4564-A9FD-D9C06BF57AD4}.Debug|Mixed Platforms.Build.0 = Debug|Win32
		{2D33793F-0E6D-4564-A9FD-D9C06BF57AD4}.Debug|Win32.ActiveCfg = Debug|Win32
		{2D33793F-0E6D-4564-A9FD-D9C06BF57AD4}.Debug|Win32.Build.0 = Debug|Win32
		{2D33793F-0E6D-4564-A9FD-D9C06BF57AD4}.Debug|x86.ActiveCfg = Debug|Win32
		{2D33793F-0E6D-4564-A9FD-D9C06BF57AD4}.Release|Any CPU.ActiveCfg = Release|Win32
		{2D33793F-0E6D-4564-A9FD-D9C06BF57AD4}.Release|Any CPU.Build.0 = Release|Win32
		{2D33793F-0E6D-4564-A9FD-D9C06BF57AD4}.Release|Mixed Platforms.ActiveCfg = Release|Win32
		{2D33793F-0E6D-4564-A9FD-D9C06BF57AD4}.Release|Mixed Platforms.Build.0 = Release|Win32
		{2D33793F-0E6D-4564-A9FD-D9C06BF57AD4}.Release|Win32.ActiveCfg = Release|Win32
		{2D33793F-0E6D-4564-A9FD-D9C06BF57AD4}.Release|Win32.Build.0 = Release|Win32
		{2D33793F-0E6D-4564-A9FD-D9C06BF57AD4}.Release|x86.ActiveCfg = Release|Win32
		{2D33793F-0E6D-4564-A9FD-D9C06BF57AD4}.Template|Any CPU.ActiveCfg = Template|Win32
		{2D33793F-0E6D-4564-A9FD-D9C06BF57AD4}.Template|Mixed Platforms.ActiveCfg = Template|Win32
		{2D33793F-0E6D-4564-A9FD-D9C06BF57AD4}.Template|Mixed Platforms.Build.0 = Template|Win32
		{2D33793F-0E6D-4564-A9FD-D9C06BF57AD4}.Template|Win32.ActiveCfg = Template|Win32
		{2D33793F-0E6D-4564-A9FD-D9C06BF57AD4}.Template|Win32.Build.0 = Template|Win32
		{2D33793F-0E6D-4564-A9FD-D9C06BF57AD4}.Template|x86.ActiveCfg = Template|Win32
		{4733F32F-26EE-49A7-854A-B23CD82C8730}.Debug|Any CPU.ActiveCfg = Debug
		{4733F32F-26EE-49A7-854A-B23CD82C8730}.Debug|Any CPU.Build.0 = Debug
		{4733F32F-26EE-49A7-854A-B23CD82C8730}.Debug|Mixed Platforms.ActiveCfg = Debug
		{4733F32F-26EE-49A7-854A-B23CD82C8730}.Debug|Mixed Platforms.Build.0 = Debug
		{4733F32F-26EE-49A7-854A-B23CD82C8730}.Debug|Win32.ActiveCfg = Debug
		{4733F32F-26EE-49A7-854A-B23CD82C8730}.Debug|Win32.Build.0 = Debug
		{4733F32F-26EE-49A7-854A-B23CD82C8730}.Debug|x86.ActiveCfg = Debug
		{4733F32F-26EE-49A7-854A-B23CD82C8730}.Debug|x86.Build.0 = Debug
		{4733F32F-26EE-49A7-854A-B23CD82C8730}.Release|Any CPU.ActiveCfg = Release
		{4733F32F-26EE-49A7-854A-B23CD82C8730}.Release|Any CPU.Build.0 = Release
		{4733F32F-26EE-49A7-854A-B23CD82C8730}.Release|Mixed Platforms.ActiveCfg = Release
		{4733F32F-26EE-49A7-854A-B23CD82C8730}.Release|Mixed Platforms.Build.0 = Release
		{4733F32F-26EE-49A7-854A-B23CD82C8730}.Release|Win32.ActiveCfg = Release
		{4733F32F-26EE-49A7-854A-B23CD82C8730}.Release|Win32.Build.0 = Release
		{4733F32F-26EE-49A7-854A-B23CD82C8730}.Release|x86.ActiveCfg = Release
		{4733F32F-26EE-49A7-854A-B23CD82C8730}.Release|x86.Build.0 = Release
		{4733F32F-26EE-49A7-854A-B23CD82C8730}.Template|Any CPU.ActiveCfg = Release
		{4733F32F-26EE-49A7-854A-B23CD82C8730}.Template|Any CPU.Build.0 = Release
		{4733F32F-26EE-49A7-854A-B23CD82C8730}.Template|Mixed Platforms.ActiveCfg = Release
		{4733F32F-26EE-49A7-854A-B23CD82C8730}.Template|Mixed Platforms.Build.0 = Release
		{4733F32F-26EE-49A7-854A-B23CD82C8730}.Template|Win32.ActiveCfg = Release
		{4733F32F-26EE-49A7-854A-B23CD82C8730}.Template|Win32.Build.0 = Release
		{4733F32F-26EE-49A7-854A-B23CD82C8730}.Template|x86.ActiveCfg = Release
		{4733F32F-26EE-49A7-854A-B23CD82C8730}.Template|x86.Build.0 = Release
		{CF60DF0B-88FF-4298-B9BF-B7FC352B2717}.Debug|Any CPU.ActiveCfg = Debug|Any CPU
		{CF60DF0B-88FF-4298-B9BF-B7FC352B2717}.Debug|Any CPU.Build.0 = Debug|Any CPU
		{CF60DF0B-88FF-4298-B9BF-B7FC352B2717}.Debug|Mixed Platforms.ActiveCfg = Debug|Any CPU
		{CF60DF0B-88FF-4298-B9BF-B7FC352B2717}.Debug|Mixed Platforms.Build.0 = Debug|Any CPU
		{CF60DF0B-88FF-4298-B9BF-B7FC352B2717}.Debug|Win32.ActiveCfg = Debug|Any CPU
		{CF60DF0B-88FF-4298-B9BF-B7FC352B2717}.Debug|x86.ActiveCfg = Debug|Any CPU
		{CF60DF0B-88FF-4298-B9BF-B7FC352B2717}.Release|Any CPU.ActiveCfg = Release|Any CPU
		{CF60DF0B-88FF-4298-B9BF-B7FC352B2717}.Release|Any CPU.Build.0 = Release|Any CPU
		{CF60DF0B-88FF-4298-B9BF-B7FC352B2717}.Release|Mixed Platforms.ActiveCfg = Release|Any CPU
		{CF60DF0B-88FF-4298-B9BF-B7FC352B2717}.Release|Mixed Platforms.Build.0 = Release|Any CPU
		{CF60DF0B-88FF-4298-B9BF-B7FC352B2717}.Release|Win32.ActiveCfg = Release|Any CPU
		{CF60DF0B-88FF-4298-B9BF-B7FC352B2717}.Release|x86.ActiveCfg = Release|Any CPU
		{CF60DF0B-88FF-4298-B9BF-B7FC352B2717}.Template|Any CPU.ActiveCfg = Release|Any CPU
		{CF60DF0B-88FF-4298-B9BF-B7FC352B2717}.Template|Any CPU.Build.0 = Release|Any CPU
		{CF60DF0B-88FF-4298-B9BF-B7FC352B2717}.Template|Mixed Platforms.ActiveCfg = Release|Any CPU
		{CF60DF0B-88FF-4298-B9BF-B7FC352B2717}.Template|Mixed Platforms.Build.0 = Release|Any CPU
		{CF60DF0B-88FF-4298-B9BF-B7FC352B2717}.Template|Win32.ActiveCfg = Release|Any CPU
		{CF60DF0B-88FF-4298-B9BF-B7FC352B2717}.Template|x86.ActiveCfg = Release|Any CPU
		{8D385A6E-0E09-49CF-9C49-24740B2B4898}.Debug|Any CPU.ActiveCfg = Debug|Any CPU
		{8D385A6E-0E09-49CF-9C49-24740B2B4898}.Debug|Any CPU.Build.0 = Debug|Any CPU
		{8D385A6E-0E09-49CF-9C49-24740B2B4898}.Debug|Mixed Platforms.ActiveCfg = Debug|Any CPU
		{8D385A6E-0E09-49CF-9C49-24740B2B4898}.Debug|Mixed Platforms.Build.0 = Debug|Any CPU
		{8D385A6E-0E09-49CF-9C49-24740B2B4898}.Debug|Win32.ActiveCfg = Debug|Any CPU
		{8D385A6E-0E09-49CF-9C49-24740B2B4898}.Debug|x86.ActiveCfg = Debug|Any CPU
		{8D385A6E-0E09-49CF-9C49-24740B2B4898}.Release|Any CPU.ActiveCfg = Release|Any CPU
		{8D385A6E-0E09-49CF-9C49-24740B2B4898}.Release|Any CPU.Build.0 = Release|Any CPU
		{8D385A6E-0E09-49CF-9C49-24740B2B4898}.Release|Mixed Platforms.ActiveCfg = Release|Any CPU
		{8D385A6E-0E09-49CF-9C49-24740B2B4898}.Release|Mixed Platforms.Build.0 = Release|Any CPU
		{8D385A6E-0E09-49CF-9C49-24740B2B4898}.Release|Win32.ActiveCfg = Release|Any CPU
		{8D385A6E-0E09-49CF-9C49-24740B2B4898}.Release|x86.ActiveCfg = Release|Any CPU
		{8D385A6E-0E09-49CF-9C49-24740B2B4898}.Template|Any CPU.ActiveCfg = Release|Any CPU
		{8D385A6E-0E09-49CF-9C49-24740B2B4898}.Template|Any CPU.Build.0 = Release|Any CPU
		{8D385A6E-0E09-49CF-9C49-24740B2B4898}.Template|Mixed Platforms.ActiveCfg = Release|Any CPU
		{8D385A6E-0E09-49CF-9C49-24740B2B4898}.Template|Mixed Platforms.Build.0 = Release|Any CPU
		{8D385A6E-0E09-49CF-9C49-24740B2B4898}.Template|Win32.ActiveCfg = Release|Any CPU
		{8D385A6E-0E09-49CF-9C49-24740B2B4898}.Template|x86.ActiveCfg = Release|Any CPU
		{B034EA9A-E10E-404C-B5D6-6305A71FA0D9}.Debug|Any CPU.ActiveCfg = Debug|x86
		{B034EA9A-E10E-404C-B5D6-6305A71FA0D9}.Debug|Any CPU.Build.0 = Debug|x86
		{B034EA9A-E10E-404C-B5D6-6305A71FA0D9}.Debug|Mixed Platforms.ActiveCfg = Debug|x86
		{B034EA9A-E10E-404C-B5D6-6305A71FA0D9}.Debug|Mixed Platforms.Build.0 = Debug|x86
		{B034EA9A-E10E-404C-B5D6-6305A71FA0D9}.Debug|Win32.ActiveCfg = Debug|x86
		{B034EA9A-E10E-404C-B5D6-6305A71FA0D9}.Debug|x86.ActiveCfg = Debug|x86
		{B034EA9A-E10E-404C-B5D6-6305A71FA0D9}.Debug|x86.Build.0 = Debug|x86
		{B034EA9A-E10E-404C-B5D6-6305A71FA0D9}.Release|Any CPU.ActiveCfg = Release|x86
		{B034EA9A-E10E-404C-B5D6-6305A71FA0D9}.Release|Any CPU.Build.0 = Release|x86
		{B034EA9A-E10E-404C-B5D6-6305A71FA0D9}.Release|Mixed Platforms.ActiveCfg = Release|x86
		{B034EA9A-E10E-404C-B5D6-6305A71FA0D9}.Release|Mixed Platforms.Build.0 = Release|x86
		{B034EA9A-E10E-404C-B5D6-6305A71FA0D9}.Release|Win32.ActiveCfg = Release|x86
		{B034EA9A-E10E-404C-B5D6-6305A71FA0D9}.Release|x86.ActiveCfg = Release|x86
		{B034EA9A-E10E-404C-B5D6-6305A71FA0D9}.Release|x86.Build.0 = Release|x86
		{B034EA9A-E10E-404C-B5D6-6305A71FA0D9}.Template|Any CPU.ActiveCfg = Release|x86
		{B034EA9A-E10E-404C-B5D6-6305A71FA0D9}.Template|Mixed Platforms.ActiveCfg = Release|x86
		{B034EA9A-E10E-404C-B5D6-6305A71FA0D9}.Template|Mixed Platforms.Build.0 = Release|x86
		{B034EA9A-E10E-404C-B5D6-6305A71FA0D9}.Template|Win32.ActiveCfg = Release|x86
		{B034EA9A-E10E-404C-B5D6-6305A71FA0D9}.Template|x86.ActiveCfg = Release|x86
		{B034EA9A-E10E-404C-B5D6-6305A71FA0D9}.Template|x86.Build.0 = Release|x86
		{E66BDDF5-8564-4EF7-A746-82B25A84ADCD}.Debug|Any CPU.ActiveCfg = Debug|Any CPU
		{E66BDDF5-8564-4EF7-A746-82B25A84ADCD}.Debug|Any CPU.Build.0 = Debug|Any CPU
		{E66BDDF5-8564-4EF7-A746-82B25A84ADCD}.Debug|Mixed Platforms.ActiveCfg = Debug|Any CPU
		{E66BDDF5-8564-4EF7-A746-82B25A84ADCD}.Debug|Mixed Platforms.Build.0 = Debug|Any CPU
		{E66BDDF5-8564-4EF7-A746-82B25A84ADCD}.Debug|Win32.ActiveCfg = Debug|Any CPU
		{E66BDDF5-8564-4EF7-A746-82B25A84ADCD}.Debug|x86.ActiveCfg = Debug|Any CPU
		{E66BDDF5-8564-4EF7-A746-82B25A84ADCD}.Release|Any CPU.ActiveCfg = Release|Any CPU
		{E66BDDF5-8564-4EF7-A746-82B25A84ADCD}.Release|Any CPU.Build.0 = Release|Any CPU
		{E66BDDF5-8564-4EF7-A746-82B25A84ADCD}.Release|Mixed Platforms.ActiveCfg = Release|Any CPU
		{E66BDDF5-8564-4EF7-A746-82B25A84ADCD}.Release|Mixed Platforms.Build.0 = Release|Any CPU
		{E66BDDF5-8564-4EF7-A746-82B25A84ADCD}.Release|Win32.ActiveCfg = Release|Any CPU
		{E66BDDF5-8564-4EF7-A746-82B25A84ADCD}.Release|x86.ActiveCfg = Release|Any CPU
		{E66BDDF5-8564-4EF7-A746-82B25A84ADCD}.Template|Any CPU.ActiveCfg = Release|Any CPU
		{E66BDDF5-8564-4EF7-A746-82B25A84ADCD}.Template|Any CPU.Build.0 = Release|Any CPU
		{E66BDDF5-8564-4EF7-A746-82B25A84ADCD}.Template|Mixed Platforms.ActiveCfg = Release|Any CPU
		{E66BDDF5-8564-4EF7-A746-82B25A84ADCD}.Template|Mixed Platforms.Build.0 = Release|Any CPU
		{E66BDDF5-8564-4EF7-A746-82B25A84ADCD}.Template|Win32.ActiveCfg = Release|Any CPU
		{E66BDDF5-8564-4EF7-A746-82B25A84ADCD}.Template|x86.ActiveCfg = Release|Any CPU
		{92EC7B70-8150-4BEC-896B-5B3AB8494FC1}.Debug|Any CPU.ActiveCfg = Debug|Any CPU
		{92EC7B70-8150-4BEC-896B-5B3AB8494FC1}.Debug|Any CPU.Build.0 = Debug|Any CPU
		{92EC7B70-8150-4BEC-896B-5B3AB8494FC1}.Debug|Mixed Platforms.ActiveCfg = Debug|Any CPU
		{92EC7B70-8150-4BEC-896B-5B3AB8494FC1}.Debug|Mixed Platforms.Build.0 = Debug|Any CPU
		{92EC7B70-8150-4BEC-896B-5B3AB8494FC1}.Debug|Win32.ActiveCfg = Debug|Any CPU
		{92EC7B70-8150-4BEC-896B-5B3AB8494FC1}.Debug|x86.ActiveCfg = Debug|Any CPU
		{92EC7B70-8150-4BEC-896B-5B3AB8494FC1}.Release|Any CPU.ActiveCfg = Release|Any CPU
		{92EC7B70-8150-4BEC-896B-5B3AB8494FC1}.Release|Any CPU.Build.0 = Release|Any CPU
		{92EC7B70-8150-4BEC-896B-5B3AB8494FC1}.Release|Mixed Platforms.ActiveCfg = Release|Any CPU
		{92EC7B70-8150-4BEC-896B-5B3AB8494FC1}.Release|Mixed Platforms.Build.0 = Release|Any CPU
		{92EC7B70-8150-4BEC-896B-5B3AB8494FC1}.Release|Win32.ActiveCfg = Release|Any CPU
		{92EC7B70-8150-4BEC-896B-5B3AB8494FC1}.Release|x86.ActiveCfg = Release|Any CPU
		{92EC7B70-8150-4BEC-896B-5B3AB8494FC1}.Template|Any CPU.ActiveCfg = Release|Any CPU
		{92EC7B70-8150-4BEC-896B-5B3AB8494FC1}.Template|Any CPU.Build.0 = Release|Any CPU
		{92EC7B70-8150-4BEC-896B-5B3AB8494FC1}.Template|Mixed Platforms.ActiveCfg = Release|Any CPU
		{92EC7B70-8150-4BEC-896B-5B3AB8494FC1}.Template|Mixed Platforms.Build.0 = Release|Any CPU
		{92EC7B70-8150-4BEC-896B-5B3AB8494FC1}.Template|Win32.ActiveCfg = Release|Any CPU
		{92EC7B70-8150-4BEC-896B-5B3AB8494FC1}.Template|x86.ActiveCfg = Release|Any CPU
		{94E51F29-3318-465C-B399-ACB59C8A1600}.Debug|Any CPU.ActiveCfg = Debug|Any CPU
		{94E51F29-3318-465C-B399-ACB59C8A1600}.Debug|Any CPU.Build.0 = Debug|Any CPU
		{94E51F29-3318-465C-B399-ACB59C8A1600}.Debug|Mixed Platforms.ActiveCfg = Debug|Any CPU
		{94E51F29-3318-465C-B399-ACB59C8A1600}.Debug|Mixed Platforms.Build.0 = Debug|Any CPU
		{94E51F29-3318-465C-B399-ACB59C8A1600}.Debug|Win32.ActiveCfg = Debug|Any CPU
		{94E51F29-3318-465C-B399-ACB59C8A1600}.Debug|x86.ActiveCfg = Debug|Any CPU
		{94E51F29-3318-465C-B399-ACB59C8A1600}.Release|Any CPU.ActiveCfg = Release|Any CPU
		{94E51F29-3318-465C-B399-ACB59C8A1600}.Release|Any CPU.Build.0 = Release|Any CPU
		{94E51F29-3318-465C-B399-ACB59C8A1600}.Release|Mixed Platforms.ActiveCfg = Release|Any CPU
		{94E51F29-3318-465C-B399-ACB59C8A1600}.Release|Mixed Platforms.Build.0 = Release|Any CPU
		{94E51F29-3318-465C-B399-ACB59C8A1600}.Release|Win32.ActiveCfg = Release|Any CPU
		{94E51F29-3318-465C-B399-ACB59C8A1600}.Release|x86.ActiveCfg = Release|Any CPU
		{94E51F29-3318-465C-B399-ACB59C8A1600}.Template|Any CPU.ActiveCfg = Release|Any CPU
		{94E51F29-3318-465C-B399-ACB59C8A1600}.Template|Any CPU.Build.0 = Release|Any CPU
		{94E51F29-3318-465C-B399-ACB59C8A1600}.Template|Mixed Platforms.ActiveCfg = Release|Any CPU
		{94E51F29-3318-465C-B399-ACB59C8A1600}.Template|Mixed Platforms.Build.0 = Release|Any CPU
		{94E51F29-3318-465C-B399-ACB59C8A1600}.Template|Win32.ActiveCfg = Release|Any CPU
		{94E51F29-3318-465C-B399-ACB59C8A1600}.Template|x86.ActiveCfg = Release|Any CPU
		{682A467E-811E-408E-8581-EEB8481B92BE}.Debug|Any CPU.ActiveCfg = Debug|Any CPU
		{682A467E-811E-408E-8581-EEB8481B92BE}.Debug|Any CPU.Build.0 = Debug|Any CPU
		{682A467E-811E-408E-8581-EEB8481B92BE}.Debug|Mixed Platforms.ActiveCfg = Debug|Any CPU
		{682A467E-811E-408E-8581-EEB8481B92BE}.Debug|Mixed Platforms.Build.0 = Debug|Any CPU
		{682A467E-811E-408E-8581-EEB8481B92BE}.Debug|Win32.ActiveCfg = Debug|Any CPU
		{682A467E-811E-408E-8581-EEB8481B92BE}.Debug|x86.ActiveCfg = Debug|Any CPU
		{682A467E-811E-408E-8581-EEB8481B92BE}.Release|Any CPU.ActiveCfg = Release|Any CPU
		{682A467E-811E-408E-8581-EEB8481B92BE}.Release|Any CPU.Build.0 = Release|Any CPU
		{682A467E-811E-408E-8581-EEB8481B92BE}.Release|Mixed Platforms.ActiveCfg = Release|Any CPU
		{682A467E-811E-408E-8581-EEB8481B92BE}.Release|Mixed Platforms.Build.0 = Release|Any CPU
		{682A467E-811E-408E-8581-EEB8481B92BE}.Release|Win32.ActiveCfg = Release|Any CPU
		{682A467E-811E-408E-8581-EEB8481B92BE}.Release|x86.ActiveCfg = Release|Any CPU
		{682A467E-811E-408E-8581-EEB8481B92BE}.Template|Any CPU.ActiveCfg = Release|Any CPU
		{682A467E-811E-408E-8581-EEB8481B92BE}.Template|Any CPU.Build.0 = Release|Any CPU
		{682A467E-811E-408E-8581-EEB8481B92BE}.Template|Mixed Platforms.ActiveCfg = Release|Any CPU
		{682A467E-811E-408E-8581-EEB8481B92BE}.Template|Mixed Platforms.Build.0 = Release|Any CPU
		{682A467E-811E-408E-8581-EEB8481B92BE}.Template|Win32.ActiveCfg = Release|Any CPU
		{682A467E-811E-408E-8581-EEB8481B92BE}.Template|x86.ActiveCfg = Release|Any CPU
		{2E316E73-6A0F-4526-89E0-16E5663D68A5}.Debug|Any CPU.ActiveCfg = Debug|x86
		{2E316E73-6A0F-4526-89E0-16E5663D68A5}.Debug|Any CPU.Build.0 = Debug|x86
		{2E316E73-6A0F-4526-89E0-16E5663D68A5}.Debug|Mixed Platforms.ActiveCfg = Debug|x86
		{2E316E73-6A0F-4526-89E0-16E5663D68A5}.Debug|Mixed Platforms.Build.0 = Debug|x86
		{2E316E73-6A0F-4526-89E0-16E5663D68A5}.Debug|Win32.ActiveCfg = Debug|x86
		{2E316E73-6A0F-4526-89E0-16E5663D68A5}.Debug|x86.ActiveCfg = Debug|x86
		{2E316E73-6A0F-4526-89E0-16E5663D68A5}.Debug|x86.Build.0 = Debug|x86
		{2E316E73-6A0F-4526-89E0-16E5663D68A5}.Release|Any CPU.ActiveCfg = Release|x86
		{2E316E73-6A0F-4526-89E0-16E5663D68A5}.Release|Any CPU.Build.0 = Release|x86
		{2E316E73-6A0F-4526-89E0-16E5663D68A5}.Release|Mixed Platforms.ActiveCfg = Release|x86
		{2E316E73-6A0F-4526-89E0-16E5663D68A5}.Release|Mixed Platforms.Build.0 = Release|x86
		{2E316E73-6A0F-4526-89E0-16E5663D68A5}.Release|Win32.ActiveCfg = Release|x86
		{2E316E73-6A0F-4526-89E0-16E5663D68A5}.Release|x86.ActiveCfg = Release|x86
		{2E316E73-6A0F-4526-89E0-16E5663D68A5}.Release|x86.Build.0 = Release|x86
		{2E316E73-6A0F-4526-89E0-16E5663D68A5}.Template|Any CPU.ActiveCfg = Release|x86
		{2E316E73-6A0F-4526-89E0-16E5663D68A5}.Template|Mixed Platforms.ActiveCfg = Release|x86
		{2E316E73-6A0F-4526-89E0-16E5663D68A5}.Template|Mixed Platforms.Build.0 = Release|x86
		{2E316E73-6A0F-4526-89E0-16E5663D68A5}.Template|Win32.ActiveCfg = Release|x86
		{2E316E73-6A0F-4526-89E0-16E5663D68A5}.Template|x86.ActiveCfg = Release|x86
		{2E316E73-6A0F-4526-89E0-16E5663D68A5}.Template|x86.Build.0 = Release|x86
		{67CA331F-A8D9-4204-9354-61CA969363B7}.Debug|Any CPU.ActiveCfg = Debug|Any CPU
		{67CA331F-A8D9-4204-9354-61CA969363B7}.Debug|Any CPU.Build.0 = Debug|Any CPU
		{67CA331F-A8D9-4204-9354-61CA969363B7}.Debug|Mixed Platforms.ActiveCfg = Debug|Any CPU
		{67CA331F-A8D9-4204-9354-61CA969363B7}.Debug|Mixed Platforms.Build.0 = Debug|Any CPU
		{67CA331F-A8D9-4204-9354-61CA969363B7}.Debug|Win32.ActiveCfg = Debug|Any CPU
		{67CA331F-A8D9-4204-9354-61CA969363B7}.Debug|x86.ActiveCfg = Debug|Any CPU
		{67CA331F-A8D9-4204-9354-61CA969363B7}.Release|Any CPU.ActiveCfg = Release|Any CPU
		{67CA331F-A8D9-4204-9354-61CA969363B7}.Release|Any CPU.Build.0 = Release|Any CPU
		{67CA331F-A8D9-4204-9354-61CA969363B7}.Release|Mixed Platforms.ActiveCfg = Release|Any CPU
		{67CA331F-A8D9-4204-9354-61CA969363B7}.Release|Mixed Platforms.Build.0 = Release|Any CPU
		{67CA331F-A8D9-4204-9354-61CA969363B7}.Release|Win32.ActiveCfg = Release|Any CPU
		{67CA331F-A8D9-4204-9354-61CA969363B7}.Release|x86.ActiveCfg = Release|Any CPU
		{67CA331F-A8D9-4204-9354-61CA969363B7}.Template|Any CPU.ActiveCfg = Release|Any CPU
		{67CA331F-A8D9-4204-9354-61CA969363B7}.Template|Any CPU.Build.0 = Release|Any CPU
		{67CA331F-A8D9-4204-9354-61CA969363B7}.Template|Mixed Platforms.ActiveCfg = Release|Any CPU
		{67CA331F-A8D9-4204-9354-61CA969363B7}.Template|Mixed Platforms.Build.0 = Release|Any CPU
		{67CA331F-A8D9-4204-9354-61CA969363B7}.Template|Win32.ActiveCfg = Release|Any CPU
		{67CA331F-A8D9-4204-9354-61CA969363B7}.Template|x86.ActiveCfg = Release|Any CPU
		{C7F00E4B-8AE7-4621-88B6-FCF4406E7518}.Debug|Any CPU.ActiveCfg = Debug|Any CPU
		{C7F00E4B-8AE7-4621-88B6-FCF4406E7518}.Debug|Any CPU.Build.0 = Debug|Any CPU
		{C7F00E4B-8AE7-4621-88B6-FCF4406E7518}.Debug|Mixed Platforms.ActiveCfg = Debug|Any CPU
		{C7F00E4B-8AE7-4621-88B6-FCF4406E7518}.Debug|Mixed Platforms.Build.0 = Debug|Any CPU
		{C7F00E4B-8AE7-4621-88B6-FCF4406E7518}.Debug|Win32.ActiveCfg = Debug|Any CPU
		{C7F00E4B-8AE7-4621-88B6-FCF4406E7518}.Debug|x86.ActiveCfg = Debug|Any CPU
		{C7F00E4B-8AE7-4621-88B6-FCF4406E7518}.Release|Any CPU.ActiveCfg = Release|Any CPU
		{C7F00E4B-8AE7-4621-88B6-FCF4406E7518}.Release|Any CPU.Build.0 = Release|Any CPU
		{C7F00E4B-8AE7-4621-88B6-FCF4406E7518}.Release|Mixed Platforms.ActiveCfg = Release|Any CPU
		{C7F00E4B-8AE7-4621-88B6-FCF4406E7518}.Release|Mixed Platforms.Build.0 = Release|Any CPU
		{C7F00E4B-8AE7-4621-88B6-FCF4406E7518}.Release|Win32.ActiveCfg = Release|Any CPU
		{C7F00E4B-8AE7-4621-88B6-FCF4406E7518}.Release|x86.ActiveCfg = Release|Any CPU
		{C7F00E4B-8AE7-4621-88B6-FCF4406E7518}.Template|Any CPU.ActiveCfg = Release|Any CPU
		{C7F00E4B-8AE7-4621-88B6-FCF4406E7518}.Template|Any CPU.Build.0 = Release|Any CPU
		{C7F00E4B-8AE7-4621-88B6-FCF4406E7518}.Template|Mixed Platforms.ActiveCfg = Release|Any CPU
		{C7F00E4B-8AE7-4621-88B6-FCF4406E7518}.Template|Mixed Platforms.Build.0 = Release|Any CPU
		{C7F00E4B-8AE7-4621-88B6-FCF4406E7518}.Template|Win32.ActiveCfg = Release|Any CPU
		{C7F00E4B-8AE7-4621-88B6-FCF4406E7518}.Template|x86.ActiveCfg = Release|Any CPU
		{87E413B7-89F7-4582-954E-8EF9BC8EF902}.Debug|Any CPU.ActiveCfg = Debug|Any CPU
		{87E413B7-89F7-4582-954E-8EF9BC8EF902}.Debug|Any CPU.Build.0 = Debug|Any CPU
		{87E413B7-89F7-4582-954E-8EF9BC8EF902}.Debug|Mixed Platforms.ActiveCfg = Debug|Any CPU
		{87E413B7-89F7-4582-954E-8EF9BC8EF902}.Debug|Mixed Platforms.Build.0 = Debug|Any CPU
		{87E413B7-89F7-4582-954E-8EF9BC8EF902}.Debug|Win32.ActiveCfg = Debug|Any CPU
		{87E413B7-89F7-4582-954E-8EF9BC8EF902}.Debug|x86.ActiveCfg = Debug|Any CPU
		{87E413B7-89F7-4582-954E-8EF9BC8EF902}.Release|Any CPU.ActiveCfg = Release|Any CPU
		{87E413B7-89F7-4582-954E-8EF9BC8EF902}.Release|Any CPU.Build.0 = Release|Any CPU
		{87E413B7-89F7-4582-954E-8EF9BC8EF902}.Release|Mixed Platforms.ActiveCfg = Release|Any CPU
		{87E413B7-89F7-4582-954E-8EF9BC8EF902}.Release|Mixed Platforms.Build.0 = Release|Any CPU
		{87E413B7-89F7-4582-954E-8EF9BC8EF902}.Release|Win32.ActiveCfg = Release|Any CPU
		{87E413B7-89F7-4582-954E-8EF9BC8EF902}.Release|x86.ActiveCfg = Release|Any CPU
		{87E413B7-89F7-4582-954E-8EF9BC8EF902}.Template|Any CPU.ActiveCfg = Release|Any CPU
		{87E413B7-89F7-4582-954E-8EF9BC8EF902}.Template|Any CPU.Build.0 = Release|Any CPU
		{87E413B7-89F7-4582-954E-8EF9BC8EF902}.Template|Mixed Platforms.ActiveCfg = Release|Any CPU
		{87E413B7-89F7-4582-954E-8EF9BC8EF902}.Template|Mixed Platforms.Build.0 = Release|Any CPU
		{87E413B7-89F7-4582-954E-8EF9BC8EF902}.Template|Win32.ActiveCfg = Release|Any CPU
		{87E413B7-89F7-4582-954E-8EF9BC8EF902}.Template|x86.ActiveCfg = Release|Any CPU
		{94AB134B-938F-4C52-89B1-E1CA4648CE6B}.Debug|Any CPU.ActiveCfg = Debug|Any CPU
		{94AB134B-938F-4C52-89B1-E1CA4648CE6B}.Debug|Any CPU.Build.0 = Debug|Any CPU
		{94AB134B-938F-4C52-89B1-E1CA4648CE6B}.Debug|Mixed Platforms.ActiveCfg = Debug|Any CPU
		{94AB134B-938F-4C52-89B1-E1CA4648CE6B}.Debug|Mixed Platforms.Build.0 = Debug|Any CPU
		{94AB134B-938F-4C52-89B1-E1CA4648CE6B}.Debug|Win32.ActiveCfg = Debug|Any CPU
		{94AB134B-938F-4C52-89B1-E1CA4648CE6B}.Debug|x86.ActiveCfg = Debug|Any CPU
		{94AB134B-938F-4C52-89B1-E1CA4648CE6B}.Release|Any CPU.ActiveCfg = Release|Any CPU
		{94AB134B-938F-4C52-89B1-E1CA4648CE6B}.Release|Any CPU.Build.0 = Release|Any CPU
		{94AB134B-938F-4C52-89B1-E1CA4648CE6B}.Release|Mixed Platforms.ActiveCfg = Release|Any CPU
		{94AB134B-938F-4C52-89B1-E1CA4648CE6B}.Release|Mixed Platforms.Build.0 = Release|Any CPU
		{94AB134B-938F-4C52-89B1-E1CA4648CE6B}.Release|Win32.ActiveCfg = Release|Any CPU
		{94AB134B-938F-4C52-89B1-E1CA4648CE6B}.Release|x86.ActiveCfg = Release|Any CPU
		{94AB134B-938F-4C52-89B1-E1CA4648CE6B}.Template|Any CPU.ActiveCfg = Release|Any CPU
		{94AB134B-938F-4C52-89B1-E1CA4648CE6B}.Template|Any CPU.Build.0 = Release|Any CPU
		{94AB134B-938F-4C52-89B1-E1CA4648CE6B}.Template|Mixed Platforms.ActiveCfg = Release|Any CPU
		{94AB134B-938F-4C52-89B1-E1CA4648CE6B}.Template|Mixed Platforms.Build.0 = Release|Any CPU
		{94AB134B-938F-4C52-89B1-E1CA4648CE6B}.Template|Win32.ActiveCfg = Release|Any CPU
		{94AB134B-938F-4C52-89B1-E1CA4648CE6B}.Template|x86.ActiveCfg = Release|Any CPU
		{E9F2F32E-12D7-491D-AAA9-E9CDF6562B9F}.Debug|Any CPU.ActiveCfg = Debug|Any CPU
		{E9F2F32E-12D7-491D-AAA9-E9CDF6562B9F}.Debug|Any CPU.Build.0 = Debug|Any CPU
		{E9F2F32E-12D7-491D-AAA9-E9CDF6562B9F}.Debug|Mixed Platforms.ActiveCfg = Debug|Any CPU
		{E9F2F32E-12D7-491D-AAA9-E9CDF6562B9F}.Debug|Mixed Platforms.Build.0 = Debug|Any CPU
		{E9F2F32E-12D7-491D-AAA9-E9CDF6562B9F}.Debug|Win32.ActiveCfg = Debug|Any CPU
		{E9F2F32E-12D7-491D-AAA9-E9CDF6562B9F}.Debug|x86.ActiveCfg = Debug|Any CPU
		{E9F2F32E-12D7-491D-AAA9-E9CDF6562B9F}.Release|Any CPU.ActiveCfg = Release|Any CPU
		{E9F2F32E-12D7-491D-AAA9-E9CDF6562B9F}.Release|Any CPU.Build.0 = Release|Any CPU
		{E9F2F32E-12D7-491D-AAA9-E9CDF6562B9F}.Release|Mixed Platforms.ActiveCfg = Release|Any CPU
		{E9F2F32E-12D7-491D-AAA9-E9CDF6562B9F}.Release|Mixed Platforms.Build.0 = Release|Any CPU
		{E9F2F32E-12D7-491D-AAA9-E9CDF6562B9F}.Release|Win32.ActiveCfg = Release|Any CPU
		{E9F2F32E-12D7-491D-AAA9-E9CDF6562B9F}.Release|x86.ActiveCfg = Release|Any CPU
		{E9F2F32E-12D7-491D-AAA9-E9CDF6562B9F}.Template|Any CPU.ActiveCfg = Release|Any CPU
		{E9F2F32E-12D7-491D-AAA9-E9CDF6562B9F}.Template|Any CPU.Build.0 = Release|Any CPU
		{E9F2F32E-12D7-491D-AAA9-E9CDF6562B9F}.Template|Mixed Platforms.ActiveCfg = Release|Any CPU
		{E9F2F32E-12D7-491D-AAA9-E9CDF6562B9F}.Template|Mixed Platforms.Build.0 = Release|Any CPU
		{E9F2F32E-12D7-491D-AAA9-E9CDF6562B9F}.Template|Win32.ActiveCfg = Release|Any CPU
		{E9F2F32E-12D7-491D-AAA9-E9CDF6562B9F}.Template|x86.ActiveCfg = Release|Any CPU
		{A19A594A-7C2D-40BA-A64E-853A84A4B37A}.Debug|Any CPU.ActiveCfg = Debug|Any CPU
		{A19A594A-7C2D-40BA-A64E-853A84A4B37A}.Debug|Any CPU.Build.0 = Debug|Any CPU
		{A19A594A-7C2D-40BA-A64E-853A84A4B37A}.Debug|Mixed Platforms.ActiveCfg = Debug|Any CPU
		{A19A594A-7C2D-40BA-A64E-853A84A4B37A}.Debug|Mixed Platforms.Build.0 = Debug|Any CPU
		{A19A594A-7C2D-40BA-A64E-853A84A4B37A}.Debug|Win32.ActiveCfg = Debug|Any CPU
		{A19A594A-7C2D-40BA-A64E-853A84A4B37A}.Debug|x86.ActiveCfg = Debug|Any CPU
		{A19A594A-7C2D-40BA-A64E-853A84A4B37A}.Release|Any CPU.ActiveCfg = Release|Any CPU
		{A19A594A-7C2D-40BA-A64E-853A84A4B37A}.Release|Any CPU.Build.0 = Release|Any CPU
		{A19A594A-7C2D-40BA-A64E-853A84A4B37A}.Release|Mixed Platforms.ActiveCfg = Release|Any CPU
		{A19A594A-7C2D-40BA-A64E-853A84A4B37A}.Release|Mixed Platforms.Build.0 = Release|Any CPU
		{A19A594A-7C2D-40BA-A64E-853A84A4B37A}.Release|Win32.ActiveCfg = Release|Any CPU
		{A19A594A-7C2D-40BA-A64E-853A84A4B37A}.Release|x86.ActiveCfg = Release|Any CPU
		{A19A594A-7C2D-40BA-A64E-853A84A4B37A}.Template|Any CPU.ActiveCfg = Release|Any CPU
		{A19A594A-7C2D-40BA-A64E-853A84A4B37A}.Template|Any CPU.Build.0 = Release|Any CPU
		{A19A594A-7C2D-40BA-A64E-853A84A4B37A}.Template|Mixed Platforms.ActiveCfg = Release|Any CPU
		{A19A594A-7C2D-40BA-A64E-853A84A4B37A}.Template|Mixed Platforms.Build.0 = Release|Any CPU
		{A19A594A-7C2D-40BA-A64E-853A84A4B37A}.Template|Win32.ActiveCfg = Release|Any CPU
		{A19A594A-7C2D-40BA-A64E-853A84A4B37A}.Template|x86.ActiveCfg = Release|Any CPU
		{42652DCB-AF78-4E97-9161-B97C9C53D219}.Debug|Any CPU.ActiveCfg = Debug|Any CPU
		{42652DCB-AF78-4E97-9161-B97C9C53D219}.Debug|Any CPU.Build.0 = Debug|Any CPU
		{42652DCB-AF78-4E97-9161-B97C9C53D219}.Debug|Mixed Platforms.ActiveCfg = Debug|Any CPU
		{42652DCB-AF78-4E97-9161-B97C9C53D219}.Debug|Mixed Platforms.Build.0 = Debug|Any CPU
		{42652DCB-AF78-4E97-9161-B97C9C53D219}.Debug|Win32.ActiveCfg = Debug|Any CPU
		{42652DCB-AF78-4E97-9161-B97C9C53D219}.Debug|x86.ActiveCfg = Debug|Any CPU
		{42652DCB-AF78-4E97-9161-B97C9C53D219}.Release|Any CPU.ActiveCfg = Release|Any CPU
		{42652DCB-AF78-4E97-9161-B97C9C53D219}.Release|Any CPU.Build.0 = Release|Any CPU
		{42652DCB-AF78-4E97-9161-B97C9C53D219}.Release|Mixed Platforms.ActiveCfg = Release|Any CPU
		{42652DCB-AF78-4E97-9161-B97C9C53D219}.Release|Mixed Platforms.Build.0 = Release|Any CPU
		{42652DCB-AF78-4E97-9161-B97C9C53D219}.Release|Win32.ActiveCfg = Release|Any CPU
		{42652DCB-AF78-4E97-9161-B97C9C53D219}.Release|x86.ActiveCfg = Release|Any CPU
		{42652DCB-AF78-4E97-9161-B97C9C53D219}.Template|Any CPU.ActiveCfg = Release|Any CPU
		{42652DCB-AF78-4E97-9161-B97C9C53D219}.Template|Any CPU.Build.0 = Release|Any CPU
		{42652DCB-AF78-4E97-9161-B97C9C53D219}.Template|Mixed Platforms.ActiveCfg = Release|Any CPU
		{42652DCB-AF78-4E97-9161-B97C9C53D219}.Template|Mixed Platforms.Build.0 = Release|Any CPU
		{42652DCB-AF78-4E97-9161-B97C9C53D219}.Template|Win32.ActiveCfg = Release|Any CPU
		{42652DCB-AF78-4E97-9161-B97C9C53D219}.Template|x86.ActiveCfg = Release|Any CPU
		{6D54BE07-38D2-43AD-88C3-3C1ACE5BB108}.Debug|Any CPU.ActiveCfg = Debug|Any CPU
		{6D54BE07-38D2-43AD-88C3-3C1ACE5BB108}.Debug|Any CPU.Build.0 = Debug|Any CPU
		{6D54BE07-38D2-43AD-88C3-3C1ACE5BB108}.Debug|Mixed Platforms.ActiveCfg = Debug|Any CPU
		{6D54BE07-38D2-43AD-88C3-3C1ACE5BB108}.Debug|Mixed Platforms.Build.0 = Debug|Any CPU
		{6D54BE07-38D2-43AD-88C3-3C1ACE5BB108}.Debug|Win32.ActiveCfg = Debug|Any CPU
		{6D54BE07-38D2-43AD-88C3-3C1ACE5BB108}.Debug|x86.ActiveCfg = Debug|Any CPU
		{6D54BE07-38D2-43AD-88C3-3C1ACE5BB108}.Release|Any CPU.ActiveCfg = Release|Any CPU
		{6D54BE07-38D2-43AD-88C3-3C1ACE5BB108}.Release|Any CPU.Build.0 = Release|Any CPU
		{6D54BE07-38D2-43AD-88C3-3C1ACE5BB108}.Release|Mixed Platforms.ActiveCfg = Release|Any CPU
		{6D54BE07-38D2-43AD-88C3-3C1ACE5BB108}.Release|Mixed Platforms.Build.0 = Release|Any CPU
		{6D54BE07-38D2-43AD-88C3-3C1ACE5BB108}.Release|Win32.ActiveCfg = Release|Any CPU
		{6D54BE07-38D2-43AD-88C3-3C1ACE5BB108}.Release|x86.ActiveCfg = Release|Any CPU
		{6D54BE07-38D2-43AD-88C3-3C1ACE5BB108}.Template|Any CPU.ActiveCfg = Release|Any CPU
		{6D54BE07-38D2-43AD-88C3-3C1ACE5BB108}.Template|Any CPU.Build.0 = Release|Any CPU
		{6D54BE07-38D2-43AD-88C3-3C1ACE5BB108}.Template|Mixed Platforms.ActiveCfg = Release|Any CPU
		{6D54BE07-38D2-43AD-88C3-3C1ACE5BB108}.Template|Mixed Platforms.Build.0 = Release|Any CPU
		{6D54BE07-38D2-43AD-88C3-3C1ACE5BB108}.Template|Win32.ActiveCfg = Release|Any CPU
		{6D54BE07-38D2-43AD-88C3-3C1ACE5BB108}.Template|x86.ActiveCfg = Release|Any CPU
		{D8303435-E79F-4C4A-B61E-2FBADC7F70FA}.Debug|Any CPU.ActiveCfg = Debug|Any CPU
		{D8303435-E79F-4C4A-B61E-2FBADC7F70FA}.Debug|Any CPU.Build.0 = Debug|Any CPU
		{D8303435-E79F-4C4A-B61E-2FBADC7F70FA}.Debug|Mixed Platforms.ActiveCfg = Debug|Any CPU
		{D8303435-E79F-4C4A-B61E-2FBADC7F70FA}.Debug|Mixed Platforms.Build.0 = Debug|Any CPU
		{D8303435-E79F-4C4A-B61E-2FBADC7F70FA}.Debug|Win32.ActiveCfg = Debug|Any CPU
		{D8303435-E79F-4C4A-B61E-2FBADC7F70FA}.Debug|x86.ActiveCfg = Debug|Any CPU
		{D8303435-E79F-4C4A-B61E-2FBADC7F70FA}.Release|Any CPU.ActiveCfg = Release|Any CPU
		{D8303435-E79F-4C4A-B61E-2FBADC7F70FA}.Release|Any CPU.Build.0 = Release|Any CPU
		{D8303435-E79F-4C4A-B61E-2FBADC7F70FA}.Release|Mixed Platforms.ActiveCfg = Release|Any CPU
		{D8303435-E79F-4C4A-B61E-2FBADC7F70FA}.Release|Mixed Platforms.Build.0 = Release|Any CPU
		{D8303435-E79F-4C4A-B61E-2FBADC7F70FA}.Release|Win32.ActiveCfg = Release|Any CPU
		{D8303435-E79F-4C4A-B61E-2FBADC7F70FA}.Release|x86.ActiveCfg = Release|Any CPU
		{D8303435-E79F-4C4A-B61E-2FBADC7F70FA}.Template|Any CPU.ActiveCfg = Release|Any CPU
		{D8303435-E79F-4C4A-B61E-2FBADC7F70FA}.Template|Any CPU.Build.0 = Release|Any CPU
		{D8303435-E79F-4C4A-B61E-2FBADC7F70FA}.Template|Mixed Platforms.ActiveCfg = Release|Any CPU
		{D8303435-E79F-4C4A-B61E-2FBADC7F70FA}.Template|Mixed Platforms.Build.0 = Release|Any CPU
		{D8303435-E79F-4C4A-B61E-2FBADC7F70FA}.Template|Win32.ActiveCfg = Release|Any CPU
		{D8303435-E79F-4C4A-B61E-2FBADC7F70FA}.Template|x86.ActiveCfg = Release|Any CPU
		{BE9CF1E0-3FBC-4618-8EFE-4A4056FE01EE}.Debug|Any CPU.ActiveCfg = Debug|Any CPU
		{BE9CF1E0-3FBC-4618-8EFE-4A4056FE01EE}.Debug|Any CPU.Build.0 = Debug|Any CPU
		{BE9CF1E0-3FBC-4618-8EFE-4A4056FE01EE}.Debug|Mixed Platforms.ActiveCfg = Debug|Any CPU
		{BE9CF1E0-3FBC-4618-8EFE-4A4056FE01EE}.Debug|Mixed Platforms.Build.0 = Debug|Any CPU
		{BE9CF1E0-3FBC-4618-8EFE-4A4056FE01EE}.Debug|Win32.ActiveCfg = Debug|Any CPU
		{BE9CF1E0-3FBC-4618-8EFE-4A4056FE01EE}.Debug|x86.ActiveCfg = Debug|Any CPU
		{BE9CF1E0-3FBC-4618-8EFE-4A4056FE01EE}.Release|Any CPU.ActiveCfg = Release|Any CPU
		{BE9CF1E0-3FBC-4618-8EFE-4A4056FE01EE}.Release|Any CPU.Build.0 = Release|Any CPU
		{BE9CF1E0-3FBC-4618-8EFE-4A4056FE01EE}.Release|Mixed Platforms.ActiveCfg = Release|Any CPU
		{BE9CF1E0-3FBC-4618-8EFE-4A4056FE01EE}.Release|Mixed Platforms.Build.0 = Release|Any CPU
		{BE9CF1E0-3FBC-4618-8EFE-4A4056FE01EE}.Release|Win32.ActiveCfg = Release|Any CPU
		{BE9CF1E0-3FBC-4618-8EFE-4A4056FE01EE}.Release|x86.ActiveCfg = Release|Any CPU
		{BE9CF1E0-3FBC-4618-8EFE-4A4056FE01EE}.Template|Any CPU.ActiveCfg = Release|Any CPU
		{BE9CF1E0-3FBC-4618-8EFE-4A4056FE01EE}.Template|Any CPU.Build.0 = Release|Any CPU
		{BE9CF1E0-3FBC-4618-8EFE-4A4056FE01EE}.Template|Mixed Platforms.ActiveCfg = Release|Any CPU
		{BE9CF1E0-3FBC-4618-8EFE-4A4056FE01EE}.Template|Mixed Platforms.Build.0 = Release|Any CPU
		{BE9CF1E0-3FBC-4618-8EFE-4A4056FE01EE}.Template|Win32.ActiveCfg = Release|Any CPU
		{BE9CF1E0-3FBC-4618-8EFE-4A4056FE01EE}.Template|x86.ActiveCfg = Release|Any CPU
		{FE561F86-993C-48C6-BCCD-6B12E5D50008}.Debug|Any CPU.ActiveCfg = Debug|Any CPU
		{FE561F86-993C-48C6-BCCD-6B12E5D50008}.Debug|Any CPU.Build.0 = Debug|Any CPU
		{FE561F86-993C-48C6-BCCD-6B12E5D50008}.Debug|Mixed Platforms.ActiveCfg = Debug|Any CPU
		{FE561F86-993C-48C6-BCCD-6B12E5D50008}.Debug|Mixed Platforms.Build.0 = Debug|Any CPU
		{FE561F86-993C-48C6-BCCD-6B12E5D50008}.Debug|Win32.ActiveCfg = Debug|Any CPU
		{FE561F86-993C-48C6-BCCD-6B12E5D50008}.Debug|x86.ActiveCfg = Debug|Any CPU
		{FE561F86-993C-48C6-BCCD-6B12E5D50008}.Release|Any CPU.ActiveCfg = Release|Any CPU
		{FE561F86-993C-48C6-BCCD-6B12E5D50008}.Release|Any CPU.Build.0 = Release|Any CPU
		{FE561F86-993C-48C6-BCCD-6B12E5D50008}.Release|Mixed Platforms.ActiveCfg = Release|Any CPU
		{FE561F86-993C-48C6-BCCD-6B12E5D50008}.Release|Mixed Platforms.Build.0 = Release|Any CPU
		{FE561F86-993C-48C6-BCCD-6B12E5D50008}.Release|Win32.ActiveCfg = Release|Any CPU
		{FE561F86-993C-48C6-BCCD-6B12E5D50008}.Release|x86.ActiveCfg = Release|Any CPU
		{FE561F86-993C-48C6-BCCD-6B12E5D50008}.Template|Any CPU.ActiveCfg = Release|Any CPU
		{FE561F86-993C-48C6-BCCD-6B12E5D50008}.Template|Any CPU.Build.0 = Release|Any CPU
		{FE561F86-993C-48C6-BCCD-6B12E5D50008}.Template|Mixed Platforms.ActiveCfg = Release|Any CPU
		{FE561F86-993C-48C6-BCCD-6B12E5D50008}.Template|Mixed Platforms.Build.0 = Release|Any CPU
		{FE561F86-993C-48C6-BCCD-6B12E5D50008}.Template|Win32.ActiveCfg = Release|Any CPU
		{FE561F86-993C-48C6-BCCD-6B12E5D50008}.Template|x86.ActiveCfg = Release|Any CPU
		{29D74D11-5330-4495-BEF2-34E813FD5E60}.Debug|Any CPU.ActiveCfg = Debug|Any CPU
		{29D74D11-5330-4495-BEF2-34E813FD5E60}.Debug|Any CPU.Build.0 = Debug|Any CPU
		{29D74D11-5330-4495-BEF2-34E813FD5E60}.Debug|Mixed Platforms.ActiveCfg = Debug|Any CPU
		{29D74D11-5330-4495-BEF2-34E813FD5E60}.Debug|Mixed Platforms.Build.0 = Debug|Any CPU
		{29D74D11-5330-4495-BEF2-34E813FD5E60}.Debug|Win32.ActiveCfg = Debug|Any CPU
		{29D74D11-5330-4495-BEF2-34E813FD5E60}.Debug|x86.ActiveCfg = Debug|Any CPU
		{29D74D11-5330-4495-BEF2-34E813FD5E60}.Release|Any CPU.ActiveCfg = Release|Any CPU
		{29D74D11-5330-4495-BEF2-34E813FD5E60}.Release|Any CPU.Build.0 = Release|Any CPU
		{29D74D11-5330-4495-BEF2-34E813FD5E60}.Release|Mixed Platforms.ActiveCfg = Release|Any CPU
		{29D74D11-5330-4495-BEF2-34E813FD5E60}.Release|Mixed Platforms.Build.0 = Release|Any CPU
		{29D74D11-5330-4495-BEF2-34E813FD5E60}.Release|Win32.ActiveCfg = Release|Any CPU
		{29D74D11-5330-4495-BEF2-34E813FD5E60}.Release|x86.ActiveCfg = Release|Any CPU
		{29D74D11-5330-4495-BEF2-34E813FD5E60}.Template|Any CPU.ActiveCfg = Release|Any CPU
		{29D74D11-5330-4495-BEF2-34E813FD5E60}.Template|Any CPU.Build.0 = Release|Any CPU
		{29D74D11-5330-4495-BEF2-34E813FD5E60}.Template|Mixed Platforms.ActiveCfg = Release|Any CPU
		{29D74D11-5330-4495-BEF2-34E813FD5E60}.Template|Mixed Platforms.Build.0 = Release|Any CPU
		{29D74D11-5330-4495-BEF2-34E813FD5E60}.Template|Win32.ActiveCfg = Release|Any CPU
		{29D74D11-5330-4495-BEF2-34E813FD5E60}.Template|x86.ActiveCfg = Release|Any CPU
		{B70D0A60-00CA-47D8-A617-D8FD87ACE36C}.Debug|Any CPU.ActiveCfg = Debug|Any CPU
		{B70D0A60-00CA-47D8-A617-D8FD87ACE36C}.Debug|Any CPU.Build.0 = Debug|Any CPU
		{B70D0A60-00CA-47D8-A617-D8FD87ACE36C}.Debug|Mixed Platforms.ActiveCfg = Debug|Any CPU
		{B70D0A60-00CA-47D8-A617-D8FD87ACE36C}.Debug|Mixed Platforms.Build.0 = Debug|Any CPU
		{B70D0A60-00CA-47D8-A617-D8FD87ACE36C}.Debug|Win32.ActiveCfg = Debug|Any CPU
		{B70D0A60-00CA-47D8-A617-D8FD87ACE36C}.Debug|x86.ActiveCfg = Debug|Any CPU
		{B70D0A60-00CA-47D8-A617-D8FD87ACE36C}.Release|Any CPU.ActiveCfg = Release|Any CPU
		{B70D0A60-00CA-47D8-A617-D8FD87ACE36C}.Release|Any CPU.Build.0 = Release|Any CPU
		{B70D0A60-00CA-47D8-A617-D8FD87ACE36C}.Release|Mixed Platforms.ActiveCfg = Release|Any CPU
		{B70D0A60-00CA-47D8-A617-D8FD87ACE36C}.Release|Mixed Platforms.Build.0 = Release|Any CPU
		{B70D0A60-00CA-47D8-A617-D8FD87ACE36C}.Release|Win32.ActiveCfg = Release|Any CPU
		{B70D0A60-00CA-47D8-A617-D8FD87ACE36C}.Release|x86.ActiveCfg = Release|Any CPU
		{B70D0A60-00CA-47D8-A617-D8FD87ACE36C}.Template|Any CPU.ActiveCfg = Release|Any CPU
		{B70D0A60-00CA-47D8-A617-D8FD87ACE36C}.Template|Any CPU.Build.0 = Release|Any CPU
		{B70D0A60-00CA-47D8-A617-D8FD87ACE36C}.Template|Mixed Platforms.ActiveCfg = Release|Any CPU
		{B70D0A60-00CA-47D8-A617-D8FD87ACE36C}.Template|Mixed Platforms.Build.0 = Release|Any CPU
		{B70D0A60-00CA-47D8-A617-D8FD87ACE36C}.Template|Win32.ActiveCfg = Release|Any CPU
		{B70D0A60-00CA-47D8-A617-D8FD87ACE36C}.Template|x86.ActiveCfg = Release|Any CPU
		{E53ED8E6-AA77-4F60-AA1E-9715678FF88F}.Debug|Any CPU.ActiveCfg = Debug|x86
		{E53ED8E6-AA77-4F60-AA1E-9715678FF88F}.Debug|Any CPU.Build.0 = Debug|x86
		{E53ED8E6-AA77-4F60-AA1E-9715678FF88F}.Debug|Mixed Platforms.ActiveCfg = Debug|x86
		{E53ED8E6-AA77-4F60-AA1E-9715678FF88F}.Debug|Mixed Platforms.Build.0 = Debug|x86
		{E53ED8E6-AA77-4F60-AA1E-9715678FF88F}.Debug|Win32.ActiveCfg = Debug|x86
		{E53ED8E6-AA77-4F60-AA1E-9715678FF88F}.Debug|x86.ActiveCfg = Debug|x86
		{E53ED8E6-AA77-4F60-AA1E-9715678FF88F}.Debug|x86.Build.0 = Debug|x86
		{E53ED8E6-AA77-4F60-AA1E-9715678FF88F}.Release|Any CPU.ActiveCfg = Release|x86
		{E53ED8E6-AA77-4F60-AA1E-9715678FF88F}.Release|Any CPU.Build.0 = Release|x86
		{E53ED8E6-AA77-4F60-AA1E-9715678FF88F}.Release|Mixed Platforms.ActiveCfg = Release|x86
		{E53ED8E6-AA77-4F60-AA1E-9715678FF88F}.Release|Mixed Platforms.Build.0 = Release|x86
		{E53ED8E6-AA77-4F60-AA1E-9715678FF88F}.Release|Win32.ActiveCfg = Release|x86
		{E53ED8E6-AA77-4F60-AA1E-9715678FF88F}.Release|x86.ActiveCfg = Release|x86
		{E53ED8E6-AA77-4F60-AA1E-9715678FF88F}.Release|x86.Build.0 = Release|x86
		{E53ED8E6-AA77-4F60-AA1E-9715678FF88F}.Template|Any CPU.ActiveCfg = Release|x86
		{E53ED8E6-AA77-4F60-AA1E-9715678FF88F}.Template|Mixed Platforms.ActiveCfg = Release|x86
		{E53ED8E6-AA77-4F60-AA1E-9715678FF88F}.Template|Mixed Platforms.Build.0 = Release|x86
		{E53ED8E6-AA77-4F60-AA1E-9715678FF88F}.Template|Win32.ActiveCfg = Release|x86
		{E53ED8E6-AA77-4F60-AA1E-9715678FF88F}.Template|x86.ActiveCfg = Release|x86
		{E53ED8E6-AA77-4F60-AA1E-9715678FF88F}.Template|x86.Build.0 = Release|x86
		{D3EB9B22-D1E1-4EAF-A762-A30C00DCB9BA}.Debug|Any CPU.ActiveCfg = Debug|Win32
		{D3EB9B22-D1E1-4EAF-A762-A30C00DCB9BA}.Debug|Any CPU.Build.0 = Debug|Win32
		{D3EB9B22-D1E1-4EAF-A762-A30C00DCB9BA}.Debug|Mixed Platforms.ActiveCfg = Debug|Win32
		{D3EB9B22-D1E1-4EAF-A762-A30C00DCB9BA}.Debug|Mixed Platforms.Build.0 = Debug|Win32
		{D3EB9B22-D1E1-4EAF-A762-A30C00DCB9BA}.Debug|Win32.ActiveCfg = Debug|Win32
		{D3EB9B22-D1E1-4EAF-A762-A30C00DCB9BA}.Debug|Win32.Build.0 = Debug|Win32
		{D3EB9B22-D1E1-4EAF-A762-A30C00DCB9BA}.Debug|x86.ActiveCfg = Debug|Win32
		{D3EB9B22-D1E1-4EAF-A762-A30C00DCB9BA}.Release|Any CPU.ActiveCfg = Release|Win32
		{D3EB9B22-D1E1-4EAF-A762-A30C00DCB9BA}.Release|Any CPU.Build.0 = Release|Win32
		{D3EB9B22-D1E1-4EAF-A762-A30C00DCB9BA}.Release|Mixed Platforms.ActiveCfg = Release|Win32
		{D3EB9B22-D1E1-4EAF-A762-A30C00DCB9BA}.Release|Mixed Platforms.Build.0 = Release|Win32
		{D3EB9B22-D1E1-4EAF-A762-A30C00DCB9BA}.Release|Win32.ActiveCfg = Release|Win32
		{D3EB9B22-D1E1-4EAF-A762-A30C00DCB9BA}.Release|Win32.Build.0 = Release|Win32
		{D3EB9B22-D1E1-4EAF-A762-A30C00DCB9BA}.Release|x86.ActiveCfg = Release|Win32
		{D3EB9B22-D1E1-4EAF-A762-A30C00DCB9BA}.Template|Any CPU.ActiveCfg = Release|Win32
		{D3EB9B22-D1E1-4EAF-A762-A30C00DCB9BA}.Template|Mixed Platforms.ActiveCfg = Release|Win32
		{D3EB9B22-D1E1-4EAF-A762-A30C00DCB9BA}.Template|Mixed Platforms.Build.0 = Release|Win32
		{D3EB9B22-D1E1-4EAF-A762-A30C00DCB9BA}.Template|Win32.ActiveCfg = Release|Win32
		{D3EB9B22-D1E1-4EAF-A762-A30C00DCB9BA}.Template|Win32.Build.0 = Release|Win32
		{D3EB9B22-D1E1-4EAF-A762-A30C00DCB9BA}.Template|x86.ActiveCfg = Release|Win32
		{6EF8001E-A147-4A92-A5C9-2B8808D4B713}.Debug|Any CPU.ActiveCfg = Debug|x86
		{6EF8001E-A147-4A92-A5C9-2B8808D4B713}.Debug|Any CPU.Build.0 = Debug|x86
		{6EF8001E-A147-4A92-A5C9-2B8808D4B713}.Debug|Mixed Platforms.ActiveCfg = Debug|x86
		{6EF8001E-A147-4A92-A5C9-2B8808D4B713}.Debug|Mixed Platforms.Build.0 = Debug|x86
		{6EF8001E-A147-4A92-A5C9-2B8808D4B713}.Debug|Win32.ActiveCfg = Debug|x86
		{6EF8001E-A147-4A92-A5C9-2B8808D4B713}.Debug|x86.ActiveCfg = Debug|x86
		{6EF8001E-A147-4A92-A5C9-2B8808D4B713}.Debug|x86.Build.0 = Debug|x86
		{6EF8001E-A147-4A92-A5C9-2B8808D4B713}.Release|Any CPU.ActiveCfg = Release|x86
		{6EF8001E-A147-4A92-A5C9-2B8808D4B713}.Release|Any CPU.Build.0 = Release|x86
		{6EF8001E-A147-4A92-A5C9-2B8808D4B713}.Release|Mixed Platforms.ActiveCfg = Release|x86
		{6EF8001E-A147-4A92-A5C9-2B8808D4B713}.Release|Mixed Platforms.Build.0 = Release|x86
		{6EF8001E-A147-4A92-A5C9-2B8808D4B713}.Release|Win32.ActiveCfg = Release|x86
		{6EF8001E-A147-4A92-A5C9-2B8808D4B713}.Release|x86.ActiveCfg = Release|x86
		{6EF8001E-A147-4A92-A5C9-2B8808D4B713}.Release|x86.Build.0 = Release|x86
		{6EF8001E-A147-4A92-A5C9-2B8808D4B713}.Template|Any CPU.ActiveCfg = Release|x86
		{6EF8001E-A147-4A92-A5C9-2B8808D4B713}.Template|Mixed Platforms.ActiveCfg = Release|x86
		{6EF8001E-A147-4A92-A5C9-2B8808D4B713}.Template|Mixed Platforms.Build.0 = Release|x86
		{6EF8001E-A147-4A92-A5C9-2B8808D4B713}.Template|Win32.ActiveCfg = Release|x86
		{6EF8001E-A147-4A92-A5C9-2B8808D4B713}.Template|x86.ActiveCfg = Release|x86
		{6EF8001E-A147-4A92-A5C9-2B8808D4B713}.Template|x86.Build.0 = Release|x86
		{512F5C9E-F30A-4A33-A023-2DBC4B24F448}.Debug|Any CPU.ActiveCfg = Debug|Win32
		{512F5C9E-F30A-4A33-A023-2DBC4B24F448}.Debug|Mixed Platforms.ActiveCfg = Debug|Win32
		{512F5C9E-F30A-4A33-A023-2DBC4B24F448}.Debug|Mixed Platforms.Build.0 = Debug|Win32
		{512F5C9E-F30A-4A33-A023-2DBC4B24F448}.Debug|Win32.ActiveCfg = Debug|Win32
		{512F5C9E-F30A-4A33-A023-2DBC4B24F448}.Debug|Win32.Build.0 = Debug|Win32
		{512F5C9E-F30A-4A33-A023-2DBC4B24F448}.Debug|x86.ActiveCfg = Debug|Win32
		{512F5C9E-F30A-4A33-A023-2DBC4B24F448}.Release|Any CPU.ActiveCfg = Release|Win32
		{512F5C9E-F30A-4A33-A023-2DBC4B24F448}.Release|Mixed Platforms.ActiveCfg = Release|Win32
		{512F5C9E-F30A-4A33-A023-2DBC4B24F448}.Release|Mixed Platforms.Build.0 = Release|Win32
		{512F5C9E-F30A-4A33-A023-2DBC4B24F448}.Release|Win32.ActiveCfg = Release|Win32
		{512F5C9E-F30A-4A33-A023-2DBC4B24F448}.Release|Win32.Build.0 = Release|Win32
		{512F5C9E-F30A-4A33-A023-2DBC4B24F448}.Release|x86.ActiveCfg = Release|Win32
		{512F5C9E-F30A-4A33-A023-2DBC4B24F448}.Template|Any CPU.ActiveCfg = Template|Win32
		{512F5C9E-F30A-4A33-A023-2DBC4B24F448}.Template|Mixed Platforms.ActiveCfg = Template|Win32
		{512F5C9E-F30A-4A33-A023-2DBC4B24F448}.Template|Mixed Platforms.Build.0 = Template|Win32
		{512F5C9E-F30A-4A33-A023-2DBC4B24F448}.Template|Win32.ActiveCfg = Template|Win32
		{512F5C9E-F30A-4A33-A023-2DBC4B24F448}.Template|Win32.Build.0 = Template|Win32
		{512F5C9E-F30A-4A33-A023-2DBC4B24F448}.Template|x86.ActiveCfg = Template|Win32
		{BD571E30-9715-4D1B-A170-5D399AF83ED5}.Debug|Any CPU.ActiveCfg = Debug|Any CPU
		{BD571E30-9715-4D1B-A170-5D399AF83ED5}.Debug|Any CPU.Build.0 = Debug|Any CPU
		{BD571E30-9715-4D1B-A170-5D399AF83ED5}.Debug|Mixed Platforms.ActiveCfg = Debug|Any CPU
		{BD571E30-9715-4D1B-A170-5D399AF83ED5}.Debug|Mixed Platforms.Build.0 = Debug|Any CPU
		{BD571E30-9715-4D1B-A170-5D399AF83ED5}.Debug|Win32.ActiveCfg = Debug|Any CPU
		{BD571E30-9715-4D1B-A170-5D399AF83ED5}.Debug|x86.ActiveCfg = Debug|Any CPU
		{BD571E30-9715-4D1B-A170-5D399AF83ED5}.Release|Any CPU.ActiveCfg = Release|Any CPU
		{BD571E30-9715-4D1B-A170-5D399AF83ED5}.Release|Any CPU.Build.0 = Release|Any CPU
		{BD571E30-9715-4D1B-A170-5D399AF83ED5}.Release|Mixed Platforms.ActiveCfg = Release|Any CPU
		{BD571E30-9715-4D1B-A170-5D399AF83ED5}.Release|Mixed Platforms.Build.0 = Release|Any CPU
		{BD571E30-9715-4D1B-A170-5D399AF83ED5}.Release|Win32.ActiveCfg = Release|Any CPU
		{BD571E30-9715-4D1B-A170-5D399AF83ED5}.Release|x86.ActiveCfg = Release|Any CPU
		{BD571E30-9715-4D1B-A170-5D399AF83ED5}.Template|Any CPU.ActiveCfg = Release|Any CPU
		{BD571E30-9715-4D1B-A170-5D399AF83ED5}.Template|Any CPU.Build.0 = Release|Any CPU
		{BD571E30-9715-4D1B-A170-5D399AF83ED5}.Template|Mixed Platforms.ActiveCfg = Release|Any CPU
		{BD571E30-9715-4D1B-A170-5D399AF83ED5}.Template|Mixed Platforms.Build.0 = Release|Any CPU
		{BD571E30-9715-4D1B-A170-5D399AF83ED5}.Template|Win32.ActiveCfg = Release|Any CPU
		{BD571E30-9715-4D1B-A170-5D399AF83ED5}.Template|x86.ActiveCfg = Release|Any CPU
		{F304F440-298B-4950-895E-FA3C1E62AAC9}.Debug|Any CPU.ActiveCfg = Debug
		{F304F440-298B-4950-895E-FA3C1E62AAC9}.Debug|Any CPU.Build.0 = Debug
		{F304F440-298B-4950-895E-FA3C1E62AAC9}.Debug|Mixed Platforms.ActiveCfg = Debug
		{F304F440-298B-4950-895E-FA3C1E62AAC9}.Debug|Mixed Platforms.Build.0 = Debug
		{F304F440-298B-4950-895E-FA3C1E62AAC9}.Debug|Win32.ActiveCfg = Debug
		{F304F440-298B-4950-895E-FA3C1E62AAC9}.Debug|Win32.Build.0 = Debug
		{F304F440-298B-4950-895E-FA3C1E62AAC9}.Debug|x86.ActiveCfg = Debug
		{F304F440-298B-4950-895E-FA3C1E62AAC9}.Debug|x86.Build.0 = Debug
		{F304F440-298B-4950-895E-FA3C1E62AAC9}.Release|Any CPU.ActiveCfg = Release
		{F304F440-298B-4950-895E-FA3C1E62AAC9}.Release|Any CPU.Build.0 = Release
		{F304F440-298B-4950-895E-FA3C1E62AAC9}.Release|Mixed Platforms.ActiveCfg = Release
		{F304F440-298B-4950-895E-FA3C1E62AAC9}.Release|Mixed Platforms.Build.0 = Release
		{F304F440-298B-4950-895E-FA3C1E62AAC9}.Release|Win32.ActiveCfg = Release
		{F304F440-298B-4950-895E-FA3C1E62AAC9}.Release|Win32.Build.0 = Release
		{F304F440-298B-4950-895E-FA3C1E62AAC9}.Release|x86.ActiveCfg = Release
		{F304F440-298B-4950-895E-FA3C1E62AAC9}.Release|x86.Build.0 = Release
		{F304F440-298B-4950-895E-FA3C1E62AAC9}.Template|Any CPU.ActiveCfg = Release
		{F304F440-298B-4950-895E-FA3C1E62AAC9}.Template|Any CPU.Build.0 = Release
		{F304F440-298B-4950-895E-FA3C1E62AAC9}.Template|Mixed Platforms.ActiveCfg = Release
		{F304F440-298B-4950-895E-FA3C1E62AAC9}.Template|Mixed Platforms.Build.0 = Release
		{F304F440-298B-4950-895E-FA3C1E62AAC9}.Template|Win32.ActiveCfg = Release
		{F304F440-298B-4950-895E-FA3C1E62AAC9}.Template|Win32.Build.0 = Release
		{F304F440-298B-4950-895E-FA3C1E62AAC9}.Template|x86.ActiveCfg = Release
		{F304F440-298B-4950-895E-FA3C1E62AAC9}.Template|x86.Build.0 = Release
		{0A43A819-B3F9-4081-915B-103AF81F66BB}.Debug|Any CPU.ActiveCfg = Debug|Win32
		{0A43A819-B3F9-4081-915B-103AF81F66BB}.Debug|Mixed Platforms.ActiveCfg = Debug|Win32
		{0A43A819-B3F9-4081-915B-103AF81F66BB}.Debug|Mixed Platforms.Build.0 = Debug|Win32
		{0A43A819-B3F9-4081-915B-103AF81F66BB}.Debug|Win32.ActiveCfg = Debug|Win32
		{0A43A819-B3F9-4081-915B-103AF81F66BB}.Debug|Win32.Build.0 = Debug|Win32
		{0A43A819-B3F9-4081-915B-103AF81F66BB}.Debug|x86.ActiveCfg = Debug|Win32
		{0A43A819-B3F9-4081-915B-103AF81F66BB}.Release|Any CPU.ActiveCfg = Release|Win32
		{0A43A819-B3F9-4081-915B-103AF81F66BB}.Release|Mixed Platforms.ActiveCfg = Release|Win32
		{0A43A819-B3F9-4081-915B-103AF81F66BB}.Release|Mixed Platforms.Build.0 = Release|Win32
		{0A43A819-B3F9-4081-915B-103AF81F66BB}.Release|Win32.ActiveCfg = Release|Win32
		{0A43A819-B3F9-4081-915B-103AF81F66BB}.Release|Win32.Build.0 = Release|Win32
		{0A43A819-B3F9-4081-915B-103AF81F66BB}.Release|x86.ActiveCfg = Release|Win32
		{0A43A819-B3F9-4081-915B-103AF81F66BB}.Template|Any CPU.ActiveCfg = Release|Win32
		{0A43A819-B3F9-4081-915B-103AF81F66BB}.Template|Mixed Platforms.ActiveCfg = Release|Win32
		{0A43A819-B3F9-4081-915B-103AF81F66BB}.Template|Mixed Platforms.Build.0 = Release|Win32
		{0A43A819-B3F9-4081-915B-103AF81F66BB}.Template|Win32.ActiveCfg = Release|Win32
		{0A43A819-B3F9-4081-915B-103AF81F66BB}.Template|Win32.Build.0 = Release|Win32
		{0A43A819-B3F9-4081-915B-103AF81F66BB}.Template|x86.ActiveCfg = Release|Win32
		{F95B8F50-04D7-45EC-A113-C5960FC4F5AF}.Debug|Any CPU.ActiveCfg = Debug|Win32
		{F95B8F50-04D7-45EC-A113-C5960FC4F5AF}.Debug|Mixed Platforms.ActiveCfg = Debug|Win32
		{F95B8F50-04D7-45EC-A113-C5960FC4F5AF}.Debug|Mixed Platforms.Build.0 = Debug|Win32
		{F95B8F50-04D7-45EC-A113-C5960FC4F5AF}.Debug|Win32.ActiveCfg = Debug|Win32
		{F95B8F50-04D7-45EC-A113-C5960FC4F5AF}.Debug|Win32.Build.0 = Debug|Win32
		{F95B8F50-04D7-45EC-A113-C5960FC4F5AF}.Debug|x86.ActiveCfg = Debug|Win32
		{F95B8F50-04D7-45EC-A113-C5960FC4F5AF}.Release|Any CPU.ActiveCfg = Release|Win32
		{F95B8F50-04D7-45EC-A113-C5960FC4F5AF}.Release|Mixed Platforms.ActiveCfg = Release|Win32
		{F95B8F50-04D7-45EC-A113-C5960FC4F5AF}.Release|Mixed Platforms.Build.0 = Release|Win32
		{F95B8F50-04D7-45EC-A113-C5960FC4F5AF}.Release|Win32.ActiveCfg = Release|Win32
		{F95B8F50-04D7-45EC-A113-C5960FC4F5AF}.Release|Win32.Build.0 = Release|Win32
		{F95B8F50-04D7-45EC-A113-C5960FC4F5AF}.Release|x86.ActiveCfg = Release|Win32
		{F95B8F50-04D7-45EC-A113-C5960FC4F5AF}.Template|Any CPU.ActiveCfg = Release|Win32
		{F95B8F50-04D7-45EC-A113-C5960FC4F5AF}.Template|Mixed Platforms.ActiveCfg = Release|Win32
		{F95B8F50-04D7-45EC-A113-C5960FC4F5AF}.Template|Mixed Platforms.Build.0 = Release|Win32
		{F95B8F50-04D7-45EC-A113-C5960FC4F5AF}.Template|Win32.ActiveCfg = Release|Win32
		{F95B8F50-04D7-45EC-A113-C5960FC4F5AF}.Template|Win32.Build.0 = Release|Win32
		{F95B8F50-04D7-45EC-A113-C5960FC4F5AF}.Template|x86.ActiveCfg = Release|Win32
		{E059D837-AE78-4984-90C5-58FE03E80179}.Debug|Any CPU.ActiveCfg = Debug|Any CPU
		{E059D837-AE78-4984-90C5-58FE03E80179}.Debug|Any CPU.Build.0 = Debug|Any CPU
		{E059D837-AE78-4984-90C5-58FE03E80179}.Debug|Mixed Platforms.ActiveCfg = Debug|Any CPU
		{E059D837-AE78-4984-90C5-58FE03E80179}.Debug|Mixed Platforms.Build.0 = Debug|Any CPU
		{E059D837-AE78-4984-90C5-58FE03E80179}.Debug|Win32.ActiveCfg = Debug|Any CPU
		{E059D837-AE78-4984-90C5-58FE03E80179}.Debug|x86.ActiveCfg = Debug|Any CPU
		{E059D837-AE78-4984-90C5-58FE03E80179}.Release|Any CPU.ActiveCfg = Release|Any CPU
		{E059D837-AE78-4984-90C5-58FE03E80179}.Release|Any CPU.Build.0 = Release|Any CPU
		{E059D837-AE78-4984-90C5-58FE03E80179}.Release|Mixed Platforms.ActiveCfg = Release|Any CPU
		{E059D837-AE78-4984-90C5-58FE03E80179}.Release|Mixed Platforms.Build.0 = Release|Any CPU
		{E059D837-AE78-4984-90C5-58FE03E80179}.Release|Win32.ActiveCfg = Release|Any CPU
		{E059D837-AE78-4984-90C5-58FE03E80179}.Release|x86.ActiveCfg = Release|Any CPU
		{E059D837-AE78-4984-90C5-58FE03E80179}.Template|Any CPU.ActiveCfg = Release|Any CPU
		{E059D837-AE78-4984-90C5-58FE03E80179}.Template|Any CPU.Build.0 = Release|Any CPU
		{E059D837-AE78-4984-90C5-58FE03E80179}.Template|Mixed Platforms.ActiveCfg = Release|Any CPU
		{E059D837-AE78-4984-90C5-58FE03E80179}.Template|Mixed Platforms.Build.0 = Release|Any CPU
		{E059D837-AE78-4984-90C5-58FE03E80179}.Template|Win32.ActiveCfg = Release|Any CPU
		{E059D837-AE78-4984-90C5-58FE03E80179}.Template|x86.ActiveCfg = Release|Any CPU
		{20B4742A-DD29-47AB-8E60-7F0F9A7B3E39}.Debug|Any CPU.ActiveCfg = Debug|Win32
		{20B4742A-DD29-47AB-8E60-7F0F9A7B3E39}.Debug|Mixed Platforms.ActiveCfg = Debug|Win32
		{20B4742A-DD29-47AB-8E60-7F0F9A7B3E39}.Debug|Mixed Platforms.Build.0 = Debug|Win32
		{20B4742A-DD29-47AB-8E60-7F0F9A7B3E39}.Debug|Win32.ActiveCfg = Debug|Win32
		{20B4742A-DD29-47AB-8E60-7F0F9A7B3E39}.Debug|Win32.Build.0 = Debug|Win32
		{20B4742A-DD29-47AB-8E60-7F0F9A7B3E39}.Debug|x86.ActiveCfg = Debug|Win32
		{20B4742A-DD29-47AB-8E60-7F0F9A7B3E39}.Release|Any CPU.ActiveCfg = Release|Win32
		{20B4742A-DD29-47AB-8E60-7F0F9A7B3E39}.Release|Mixed Platforms.ActiveCfg = Release|Win32
		{20B4742A-DD29-47AB-8E60-7F0F9A7B3E39}.Release|Mixed Platforms.Build.0 = Release|Win32
		{20B4742A-DD29-47AB-8E60-7F0F9A7B3E39}.Release|Win32.ActiveCfg = Release|Win32
		{20B4742A-DD29-47AB-8E60-7F0F9A7B3E39}.Release|Win32.Build.0 = Release|Win32
		{20B4742A-DD29-47AB-8E60-7F0F9A7B3E39}.Release|x86.ActiveCfg = Release|Win32
		{20B4742A-DD29-47AB-8E60-7F0F9A7B3E39}.Template|Any CPU.ActiveCfg = Release|Win32
		{20B4742A-DD29-47AB-8E60-7F0F9A7B3E39}.Template|Mixed Platforms.ActiveCfg = Release|Win32
		{20B4742A-DD29-47AB-8E60-7F0F9A7B3E39}.Template|Mixed Platforms.Build.0 = Release|Win32
		{20B4742A-DD29-47AB-8E60-7F0F9A7B3E39}.Template|Win32.ActiveCfg = Release|Win32
		{20B4742A-DD29-47AB-8E60-7F0F9A7B3E39}.Template|Win32.Build.0 = Release|Win32
		{20B4742A-DD29-47AB-8E60-7F0F9A7B3E39}.Template|x86.ActiveCfg = Release|Win32
		{FA28688A-246B-4B49-8ED2-AA718E250D82}.Debug|Any CPU.ActiveCfg = Debug|x86
		{FA28688A-246B-4B49-8ED2-AA718E250D82}.Debug|Mixed Platforms.ActiveCfg = Debug|x86
		{FA28688A-246B-4B49-8ED2-AA718E250D82}.Debug|Mixed Platforms.Build.0 = Debug|x86
		{FA28688A-246B-4B49-8ED2-AA718E250D82}.Debug|Win32.ActiveCfg = Debug|x86
		{FA28688A-246B-4B49-8ED2-AA718E250D82}.Debug|x86.ActiveCfg = Debug|x86
		{FA28688A-246B-4B49-8ED2-AA718E250D82}.Debug|x86.Build.0 = Debug|x86
		{FA28688A-246B-4B49-8ED2-AA718E250D82}.Release|Any CPU.ActiveCfg = Release|x86
		{FA28688A-246B-4B49-8ED2-AA718E250D82}.Release|Mixed Platforms.ActiveCfg = Release|x86
		{FA28688A-246B-4B49-8ED2-AA718E250D82}.Release|Mixed Platforms.Build.0 = Release|x86
		{FA28688A-246B-4B49-8ED2-AA718E250D82}.Release|Win32.ActiveCfg = Release|x86
		{FA28688A-246B-4B49-8ED2-AA718E250D82}.Release|x86.ActiveCfg = Release|x86
		{FA28688A-246B-4B49-8ED2-AA718E250D82}.Release|x86.Build.0 = Release|x86
		{FA28688A-246B-4B49-8ED2-AA718E250D82}.Template|Any CPU.ActiveCfg = Release|x86
		{FA28688A-246B-4B49-8ED2-AA718E250D82}.Template|Mixed Platforms.ActiveCfg = Release|x86
		{FA28688A-246B-4B49-8ED2-AA718E250D82}.Template|Mixed Platforms.Build.0 = Release|x86
		{FA28688A-246B-4B49-8ED2-AA718E250D82}.Template|Win32.ActiveCfg = Release|x86
		{FA28688A-246B-4B49-8ED2-AA718E250D82}.Template|x86.ActiveCfg = Release|x86
		{FA28688A-246B-4B49-8ED2-AA718E250D82}.Template|x86.Build.0 = Release|x86
	EndGlobalSection
	GlobalSection(SolutionProperties) = preSolution
		HideSolutionNode = FALSE
	EndGlobalSection
	GlobalSection(NestedProjects) = preSolution
		{B9FD0575-AD76-42FB-8454-ACA2062BE4A6} = {943246A6-707E-48EC-B10C-1C7050E96C7E}
		{896E1E13-88D7-4AE3-91BD-D60E12EBF812} = {943246A6-707E-48EC-B10C-1C7050E96C7E}
		{6EF8001E-A147-4A92-A5C9-2B8808D4B713} = {943246A6-707E-48EC-B10C-1C7050E96C7E}
		{9A5D3D4E-5558-4B03-B0F0-46563A21F061} = {B74EF4D4-5D97-4BA2-82B8-1F0DBF0E5BA7}
		{BC91FAB4-3AA3-4750-AC5C-8183EABD2EFA} = {B74EF4D4-5D97-4BA2-82B8-1F0DBF0E5BA7}
		{8F0ECA36-1C27-439F-9EE3-F8593A657026} = {B74EF4D4-5D97-4BA2-82B8-1F0DBF0E5BA7}
		{DD781F17-07D2-4A87-A46E-C9B64DEC41E9} = {B74EF4D4-5D97-4BA2-82B8-1F0DBF0E5BA7}
		{BD4A713A-207B-4F98-B84B-D5B1C5C9F973} = {B74EF4D4-5D97-4BA2-82B8-1F0DBF0E5BA7}
		{2F4FF1B4-A3D5-4111-8629-6D7CCB7DAA6F} = {B74EF4D4-5D97-4BA2-82B8-1F0DBF0E5BA7}
		{AEAD7FEF-B6F7-475D-ABED-EAD6A4FE1B20} = {B74EF4D4-5D97-4BA2-82B8-1F0DBF0E5BA7}
		{14DC9181-190E-4D37-8E24-C8C89080703D} = {B74EF4D4-5D97-4BA2-82B8-1F0DBF0E5BA7}
		{CAC5C9F4-DE6B-4190-82EF-19C327DD055F} = {B74EF4D4-5D97-4BA2-82B8-1F0DBF0E5BA7}
		{42B7DE11-5C33-431B-BBD7-863130B37906} = {B74EF4D4-5D97-4BA2-82B8-1F0DBF0E5BA7}
		{8D385A6E-0E09-49CF-9C49-24740B2B4898} = {B74EF4D4-5D97-4BA2-82B8-1F0DBF0E5BA7}
		{E66BDDF5-8564-4EF7-A746-82B25A84ADCD} = {B74EF4D4-5D97-4BA2-82B8-1F0DBF0E5BA7}
		{6D54BE07-38D2-43AD-88C3-3C1ACE5BB108} = {B74EF4D4-5D97-4BA2-82B8-1F0DBF0E5BA7}
		{D3EB9B22-D1E1-4EAF-A762-A30C00DCB9BA} = {B74EF4D4-5D97-4BA2-82B8-1F0DBF0E5BA7}
		{F95B8F50-04D7-45EC-A113-C5960FC4F5AF} = {B74EF4D4-5D97-4BA2-82B8-1F0DBF0E5BA7}
		{42652DCB-AF78-4E97-9161-B97C9C53D219} = {F386AB74-CCA9-4DB7-AB42-AC6B33FEFB6E}
		{BE9CF1E0-3FBC-4618-8EFE-4A4056FE01EE} = {F386AB74-CCA9-4DB7-AB42-AC6B33FEFB6E}
		{E53ED8E6-AA77-4F60-AA1E-9715678FF88F} = {F386AB74-CCA9-4DB7-AB42-AC6B33FEFB6E}
		{2D33793F-0E6D-4564-A9FD-D9C06BF57AD4} = {2B3B2788-8883-4732-8D4D-359DBB754BD6}
		{4733F32F-26EE-49A7-854A-B23CD82C8730} = {2B3B2788-8883-4732-8D4D-359DBB754BD6}
		{CF60DF0B-88FF-4298-B9BF-B7FC352B2717} = {2B3B2788-8883-4732-8D4D-359DBB754BD6}
		{B034EA9A-E10E-404C-B5D6-6305A71FA0D9} = {2B3B2788-8883-4732-8D4D-359DBB754BD6}
		{92EC7B70-8150-4BEC-896B-5B3AB8494FC1} = {2B3B2788-8883-4732-8D4D-359DBB754BD6}
		{94E51F29-3318-465C-B399-ACB59C8A1600} = {106CCC6E-3DCE-43F8-BD3B-266DB108E1AD}
		{682A467E-811E-408E-8581-EEB8481B92BE} = {106CCC6E-3DCE-43F8-BD3B-266DB108E1AD}
		{2E316E73-6A0F-4526-89E0-16E5663D68A5} = {106CCC6E-3DCE-43F8-BD3B-266DB108E1AD}
		{D8303435-E79F-4C4A-B61E-2FBADC7F70FA} = {106CCC6E-3DCE-43F8-BD3B-266DB108E1AD}
		{67CA331F-A8D9-4204-9354-61CA969363B7} = {79425987-508A-42A0-853D-F399E7E2E16E}
		{C7F00E4B-8AE7-4621-88B6-FCF4406E7518} = {79425987-508A-42A0-853D-F399E7E2E16E}
		{87E413B7-89F7-4582-954E-8EF9BC8EF902} = {79425987-508A-42A0-853D-F399E7E2E16E}
		{94AB134B-938F-4C52-89B1-E1CA4648CE6B} = {79425987-508A-42A0-853D-F399E7E2E16E}
		{E9F2F32E-12D7-491D-AAA9-E9CDF6562B9F} = {79425987-508A-42A0-853D-F399E7E2E16E}
		{A19A594A-7C2D-40BA-A64E-853A84A4B37A} = {79425987-508A-42A0-853D-F399E7E2E16E}
		{FE561F86-993C-48C6-BCCD-6B12E5D50008} = {03B1E4FA-857E-4B02-8E0B-F593DA45A727}
		{29D74D11-5330-4495-BEF2-34E813FD5E60} = {F0674DD6-E3AD-4526-A98B-3B2EB6A4B548}
		{B70D0A60-00CA-47D8-A617-D8FD87ACE36C} = {F0674DD6-E3AD-4526-A98B-3B2EB6A4B548}
		{512F5C9E-F30A-4A33-A023-2DBC4B24F448} = {D170C9E5-A6C3-4873-B54E-200B6CF77F9C}
		{BD571E30-9715-4D1B-A170-5D399AF83ED5} = {D170C9E5-A6C3-4873-B54E-200B6CF77F9C}
		{F304F440-298B-4950-895E-FA3C1E62AAC9} = {D170C9E5-A6C3-4873-B54E-200B6CF77F9C}
		{0A43A819-B3F9-4081-915B-103AF81F66BB} = {7C2545BF-69D2-474C-BFEC-9AD6BA644166}
		{E059D837-AE78-4984-90C5-58FE03E80179} = {7C2545BF-69D2-474C-BFEC-9AD6BA644166}
		{20B4742A-DD29-47AB-8E60-7F0F9A7B3E39} = {7C2545BF-69D2-474C-BFEC-9AD6BA644166}
	EndGlobalSection
	GlobalSection(DPCodeReviewSolutionGUID) = preSolution
		DPCodeReviewSolutionGUID = {00000000-0000-0000-0000-000000000000}
	EndGlobalSection
EndGlobal
