
Microsoft Visual Studio Solution File, Format Version 12.00
# Visual Studio 14
VisualStudioVersion = 14.0.25420.1
MinimumVisualStudioVersion = 10.0.40219.1
Project("{FAE04EC0-301F-11D3-BF4B-00C04F79EFBC}") = "TestableModule", "TestableModule\TestableModule.csproj", "{B8184FCF-E582-4BC3-A651-9F494EE9B756}"
EndProject
Project("{FAE04EC0-301F-11D3-BF4B-00C04F79EFBC}") = "TestableModuleUnitTest", "TestableModuleUnitTest\TestableModuleUnitTest.csproj", "{B9E01606-710E-4EFF-96ED-8BEABFB5D298}"
EndProject
Project("{FAE04EC0-301F-11D3-BF4B-00C04F79EFBC}") = "TestableModuleUnitTest1", "TestableModuleUnitTest1\TestableModuleUnitTest1.csproj", "{FDE82735-A9FC-4DF5-AB18-8B14F66DA1E5}"
EndProject
Global
	GlobalSection(SolutionConfigurationPlatforms) = preSolution
		Debug|Any CPU = Debug|Any CPU
		Release|Any CPU = Release|Any CPU
	EndGlobalSection
	GlobalSection(ProjectConfigurationPlatforms) = postSolution
		{B8184FCF-E582-4BC3-A651-9F494EE9B756}.Debug|Any CPU.ActiveCfg = Debug|Any CPU
		{B8184FCF-E582-4BC3-A651-9F494EE9B756}.Debug|Any CPU.Build.0 = Debug|Any CPU
		{B8184FCF-E582-4BC3-A651-9F494EE9B756}.Release|Any CPU.ActiveCfg = Release|Any CPU
		{B8184FCF-E582-4BC3-A651-9F494EE9B756}.Release|Any CPU.Build.0 = Release|Any CPU
		{B9E01606-710E-4EFF-96ED-8BEABFB5D298}.Debug|Any CPU.ActiveCfg = Debug|Any CPU
		{B9E01606-710E-4EFF-96ED-8BEABFB5D298}.Debug|Any CPU.Build.0 = Debug|Any CPU
		{B9E01606-710E-4EFF-96ED-8BEABFB5D298}.Release|Any CPU.ActiveCfg = Release|Any CPU
		{B9E01606-710E-4EFF-96ED-8BEABFB5D298}.Release|Any CPU.Build.0 = Release|Any CPU
		{FDE82735-A9FC-4DF5-AB18-8B14F66DA1E5}.Debug|Any CPU.ActiveCfg = Debug|Any CPU
		{FDE82735-A9FC-4DF5-AB18-8B14F66DA1E5}.Debug|Any CPU.Build.0 = Debug|Any CPU
		{FDE82735-A9FC-4DF5-AB18-8B14F66DA1E5}.Release|Any CPU.ActiveCfg = Release|Any CPU
		{FDE82735-A9FC-4DF5-AB18-8B14F66DA1E5}.Release|Any CPU.Build.0 = Release|Any CPU
	EndGlobalSection
	GlobalSection(SolutionProperties) = preSolution
		HideSolutionNode = FALSE
	EndGlobalSection
EndGlobal
