
Microsoft Visual Studio Solution File, Format Version 12.00
# Visual Studio 14
VisualStudioVersion = 14.0.25420.1
MinimumVisualStudioVersion = 10.0.40219.1
Project("{FAE04EC0-301F-11D3-BF4B-00C04F79EFBC}") = "Client", "Client\Client.csproj", "{586B870A-4600-4A91-9854-BDC1FC9BAEF6}"
EndProject
Project("{FAE04EC0-301F-11D3-BF4B-00C04F79EFBC}") = "Server", "Server\Server.csproj", "{CC8A6472-336F-49A5-B908-91269637D978}"
EndProject
Project("{FAE04EC0-301F-11D3-BF4B-00C04F79EFBC}") = "ServerManager", "ServerManager\ServerManager.csproj", "{B7F875C1-B1E5-4656-891A-657A5336D5F1}"
EndProject
Project("{FAE04EC0-301F-11D3-BF4B-00C04F79EFBC}") = "Interfaces", "Interfaces\Interfaces.csproj", "{DD7B6827-9EE1-4684-97AA-60E8B5BC0837}"
EndProject
Global
	GlobalSection(SolutionConfigurationPlatforms) = preSolution
		Debug|Any CPU = Debug|Any CPU
		Release|Any CPU = Release|Any CPU
	EndGlobalSection
	GlobalSection(ProjectConfigurationPlatforms) = postSolution
		{586B870A-4600-4A91-9854-BDC1FC9BAEF6}.Debug|Any CPU.ActiveCfg = Debug|Any CPU
		{586B870A-4600-4A91-9854-BDC1FC9BAEF6}.Debug|Any CPU.Build.0 = Debug|Any CPU
		{586B870A-4600-4A91-9854-BDC1FC9BAEF6}.Release|Any CPU.ActiveCfg = Release|Any CPU
		{586B870A-4600-4A91-9854-BDC1FC9BAEF6}.Release|Any CPU.Build.0 = Release|Any CPU
		{CC8A6472-336F-49A5-B908-91269637D978}.Debug|Any CPU.ActiveCfg = Debug|Any CPU
		{CC8A6472-336F-49A5-B908-91269637D978}.Debug|Any CPU.Build.0 = Debug|Any CPU
		{CC8A6472-336F-49A5-B908-91269637D978}.Release|Any CPU.ActiveCfg = Release|Any CPU
		{CC8A6472-336F-49A5-B908-91269637D978}.Release|Any CPU.Build.0 = Release|Any CPU
		{B7F875C1-B1E5-4656-891A-657A5336D5F1}.Debug|Any CPU.ActiveCfg = Debug|Any CPU
		{B7F875C1-B1E5-4656-891A-657A5336D5F1}.Debug|Any CPU.Build.0 = Debug|Any CPU
		{B7F875C1-B1E5-4656-891A-657A5336D5F1}.Release|Any CPU.ActiveCfg = Release|Any CPU
		{B7F875C1-B1E5-4656-891A-657A5336D5F1}.Release|Any CPU.Build.0 = Release|Any CPU
		{DD7B6827-9EE1-4684-97AA-60E8B5BC0837}.Debug|Any CPU.ActiveCfg = Debug|Any CPU
		{DD7B6827-9EE1-4684-97AA-60E8B5BC0837}.Debug|Any CPU.Build.0 = Debug|Any CPU
		{DD7B6827-9EE1-4684-97AA-60E8B5BC0837}.Release|Any CPU.ActiveCfg = Release|Any CPU
		{DD7B6827-9EE1-4684-97AA-60E8B5BC0837}.Release|Any CPU.Build.0 = Release|Any CPU
	EndGlobalSection
	GlobalSection(SolutionProperties) = preSolution
		HideSolutionNode = FALSE
	EndGlobalSection
EndGlobal
