
Microsoft Visual Studio Solution File, Format Version 12.00
# Visual Studio 2013
Project("{FAE04EC0-301F-11D3-BF4B-00C04F79EFBC}") = "WpfChartBase", "WpfChartBase\WpfChartBase.csproj", "{67d6ee89-abf3-40fe-8af0-39a9d1a7827e}"
EndProject
Global
	GlobalSection(SolutionConfigurationPlatforms) = preSolution
		Debug|Any CPU = Debug|Any CPU
		Release|Any CPU = Release|Any CPU
	EndGlobalSection
	GlobalSection(ProjectConfigurationPlatforms) = postSolution
		{67D6EE89-ABF3-40FE-8AF0-39A9D1A7827E}.Debug|Any CPU.ActiveCfg = Debug|Any CPU
		{67D6EE89-ABF3-40FE-8AF0-39A9D1A7827E}.Debug|Any CPU.Build.0 = Debug|Any CPU
		{67D6EE89-ABF3-40FE-8AF0-39A9D1A7827E}.Release|Any CPU.ActiveCfg = Release|Any CPU
		{67D6EE89-ABF3-40FE-8AF0-39A9D1A7827E}.Release|Any CPU.Build.0 = Release|Any CPU
	EndGlobalSection
EndGlobal
