
Microsoft Visual Studio Solution File, Format Version 12.00
# Visual Studio 2013
Project("{FAE04EC0-301F-11D3-BF4B-00C04F79EFBC}") = "PatientList", "PatientList\PatientList.csproj", "{2fc05583-5e31-407d-899e-c8ffafae591a}"
EndProject
Global
	GlobalSection(SolutionConfigurationPlatforms) = preSolution
		Debug|Any CPU = Debug|Any CPU
		Release|Any CPU = Release|Any CPU
	EndGlobalSection
	GlobalSection(ProjectConfigurationPlatforms) = postSolution
		{2FC05583-5E31-407D-899E-C8FFAFAE591A}.Debug|Any CPU.ActiveCfg = Debug|Any CPU
		{2FC05583-5E31-407D-899E-C8FFAFAE591A}.Debug|Any CPU.Build.0 = Debug|Any CPU
		{2FC05583-5E31-407D-899E-C8FFAFAE591A}.Release|Any CPU.ActiveCfg = Release|Any CPU
		{2FC05583-5E31-407D-899E-C8FFAFAE591A}.Release|Any CPU.Build.0 = Release|Any CPU
	EndGlobalSection
EndGlobal
