
Microsoft Visual Studio Solution File, Format Version 11.00
# Visual C++ Express 2010
Project("{8BC9CEB8-8B4A-11D0-8D11-00A0C91BC942}") = "win32host", "win32host\win32host.vcxproj", "{33AE25C1-E7E9-4850-A7A6-494997D2AC69}"
EndProject
Global
	GlobalSection(SolutionConfigurationPlatforms) = preSolution
		Debug|Win32 = Debug|Win32
		Release|Win32 = Release|Win32
	EndGlobalSection
	GlobalSection(ProjectConfigurationPlatforms) = postSolution
		{33AE25C1-E7E9-4850-A7A6-494997D2AC69}.Debug|Win32.ActiveCfg = Debug|Win32
		{33AE25C1-E7E9-4850-A7A6-494997D2AC69}.Debug|Win32.Build.0 = Debug|Win32
		{33AE25C1-E7E9-4850-A7A6-494997D2AC69}.Release|Win32.ActiveCfg = Release|Win32
		{33AE25C1-E7E9-4850-A7A6-494997D2AC69}.Release|Win32.Build.0 = Release|Win32
	EndGlobalSection
	GlobalSection(SolutionProperties) = preSolution
		HideSolutionNode = FALSE
	EndGlobalSection
EndGlobal
