<?xml version="1.0" encoding="utf-8"?>
<Project ToolsVersion="4.0" xmlns="http://schemas.microsoft.com/developer/msbuild/2003">
  <ItemGroup>
    <Filter Include="Source Files">
      <UniqueIdentifier>{4FC737F1-C7A5-4376-A066-2A32D752A2FF}</UniqueIdentifier>
      <Extensions>cpp;c;cxx;def;odl;idl;hpj;bat;asm;asmx</Extensions>
    </Filter>
    <Filter Include="Header Files">
      <UniqueIdentifier>{93995380-89BD-4b04-88EB-625FBE52EBFB}</UniqueIdentifier>
      <Extensions>h;hpp;hxx;hm;inl;inc;xsd</Extensions>
    </Filter>
    <Filter Include="Resource Files">
      <UniqueIdentifier>{67DA6AB6-F800-4c08-8B7A-83BB121AAD01}</UniqueIdentifier>
      <Extensions>rc;ico;cur;bmp;dlg;rc2;rct;bin;rgs;gif;jpg;jpeg;jpe;resx</Extensions>
    </Filter>
    <Filter Include="Patterns">
      <UniqueIdentifier>{fb4158ab-040a-41f8-984b-d59b9c373644}</UniqueIdentifier>
    </Filter>
    <Filter Include="Patterns GUI">
      <UniqueIdentifier>{4f5e485a-48e8-4cbc-bba7-3ea5da7b1776}</UniqueIdentifier>
    </Filter>
    <Filter Include="All purposes utility classes">
      <UniqueIdentifier>{3af99bd0-a02b-4c7f-9b3e-acb99390b121}</UniqueIdentifier>
    </Filter>
    <Filter Include="Classification">
      <UniqueIdentifier>{0bc3eb6a-9f85-420a-a037-b99ad1de933c}</UniqueIdentifier>
    </Filter>
  </ItemGroup>
  <ItemGroup>
    <ClCompile Include="about_dlg.cpp">
      <Filter>Source Files</Filter>
    </ClCompile>
    <ClCompile Include="auto_update_dlg.cpp">
      <Filter>Source Files</Filter>
    </ClCompile>
    <ClCompile Include="disclaimer_dlg.cpp">
      <Filter>Source Files</Filter>
    </ClCompile>
    <ClCompile Include="enter_activation_dlg.cpp">
      <Filter>Source Files</Filter>
    </ClCompile>
    <ClCompile Include="icon_button.cpp">
      <Filter>Source Files</Filter>
    </ClCompile>
    <ClCompile Include="license_validation.cpp">
      <Filter>Source Files</Filter>
    </ClCompile>
    <ClCompile Include="main frame.cpp">
      <Filter>Source Files</Filter>
    </ClCompile>
    <ClCompile Include="main view.cpp">
      <Filter>Source Files</Filter>
    </ClCompile>
    <ClCompile Include="no_license_dlg.cpp">
      <Filter>Source Files</Filter>
    </ClCompile>
    <ClCompile Include="patient list view.cpp">
      <Filter>Source Files</Filter>
    </ClCompile>
    <ClCompile Include="patient view.cpp">
      <Filter>Source Files</Filter>
    </ClCompile>
    <ClCompile Include="Patterns Application.cpp">
      <Filter>Source Files</Filter>
    </ClCompile>
    <ClCompile Include="please_wait_dlg.cpp">
      <Filter>Source Files</Filter>
    </ClCompile>
    <ClCompile Include="popup message.cpp">
      <Filter>Source Files</Filter>
    </ClCompile>
    <ClCompile Include="request_license_dialog.cpp">
      <Filter>Source Files</Filter>
    </ClCompile>
    <ClCompile Include="welcome_dlg.cpp">
      <Filter>Source Files</Filter>
    </ClCompile>
    <ClCompile Include="..\Patterns\patterns, conductor.cpp">
      <Filter>Patterns</Filter>
    </ClCompile>
    <ClCompile Include="..\Patterns\patterns, config.cpp">
      <Filter>Patterns</Filter>
    </ClCompile>
    <ClCompile Include="..\Patterns\patterns, fetus.cpp">
      <Filter>Patterns</Filter>
    </ClCompile>
    <ClCompile Include="..\Patterns\patterns, input adapter.cpp">
      <Filter>Patterns</Filter>
    </ClCompile>
    <ClCompile Include="..\Patterns\patterns, samples.cpp">
      <Filter>Patterns</Filter>
    </ClCompile>
    <ClCompile Include="..\Patterns\patterns, subscription.cpp">
      <Filter>Patterns</Filter>
    </ClCompile>
    <ClCompile Include="..\Patterns Gui\patterns gui, patient list control.cpp">
      <Filter>Patterns GUI</Filter>
    </ClCompile>
    <ClCompile Include="..\Patterns Gui\patterns gui, services.cpp">
      <Filter>Patterns GUI</Filter>
    </ClCompile>
    <ClCompile Include="..\Patterns Gui\patterns gui, tracing, debug.cpp">
      <Filter>Patterns GUI</Filter>
    </ClCompile>
    <ClCompile Include="..\Patterns Gui\patterns gui, tracing.cpp">
      <Filter>Patterns GUI</Filter>
    </ClCompile>
    <ClCompile Include="..\Patterns Gui\patterns gui, viewer input adapter.cpp">
      <Filter>Patterns GUI</Filter>
    </ClCompile>
    <ClCompile Include="base64.cpp">
      <Filter>All purposes utility classes</Filter>
    </ClCompile>
    <ClCompile Include="dib256.cpp">
      <Filter>All purposes utility classes</Filter>
    </ClCompile>
    <ClCompile Include="dibpal.cpp">
      <Filter>All purposes utility classes</Filter>
    </ClCompile>
    <ClCompile Include="file_loading.cpp">
      <Filter>All purposes utility classes</Filter>
    </ClCompile>
    <ClCompile Include="hyperlink.cpp">
      <Filter>All purposes utility classes</Filter>
    </ClCompile>
    <ClCompile Include="Rendevouz.cpp">
      <Filter>All purposes utility classes</Filter>
    </ClCompile>
    <ClCompile Include="SerialShield.cpp">
      <Filter>All purposes utility classes</Filter>
    </ClCompile>
    <ClCompile Include="SplashScreen.cpp">
      <Filter>All purposes utility classes</Filter>
    </ClCompile>
    <ClCompile Include="tinystr.cpp">
      <Filter>All purposes utility classes</Filter>
    </ClCompile>
    <ClCompile Include="tinyxml.cpp">
      <Filter>All purposes utility classes</Filter>
    </ClCompile>
    <ClCompile Include="tinyxmlerror.cpp">
      <Filter>All purposes utility classes</Filter>
    </ClCompile>
    <ClCompile Include="tinyxmlparser.cpp">
      <Filter>All purposes utility classes</Filter>
    </ClCompile>
    <ClCompile Include="..\Parer\Classification.cpp">
      <Filter>Classification</Filter>
    </ClCompile>
    <ClCompile Include="..\Parer\ParerClassifier.cpp">
      <Filter>Classification</Filter>
    </ClCompile>
  </ItemGroup>
  <ItemGroup>
    <ClInclude Include="about_dlg.h">
      <Filter>Header Files</Filter>
    </ClInclude>
    <ClInclude Include="auto_update_dlg.h">
      <Filter>Header Files</Filter>
    </ClInclude>
    <ClInclude Include="disclaimer_dlg.h">
      <Filter>Header Files</Filter>
    </ClInclude>
    <ClInclude Include="enter_activation_dlg.h">
      <Filter>Header Files</Filter>
    </ClInclude>
    <ClInclude Include="icon_button.h">
      <Filter>Header Files</Filter>
    </ClInclude>
    <ClInclude Include="license_validation.h">
      <Filter>Header Files</Filter>
    </ClInclude>
    <ClInclude Include="main frame.h">
      <Filter>Header Files</Filter>
    </ClInclude>
    <ClInclude Include="main view.h">
      <Filter>Header Files</Filter>
    </ClInclude>
    <ClInclude Include="no_license_dlg.h">
      <Filter>Header Files</Filter>
    </ClInclude>
    <ClInclude Include="patient list view.h">
      <Filter>Header Files</Filter>
    </ClInclude>
    <ClInclude Include="patient view.h">
      <Filter>Header Files</Filter>
    </ClInclude>
    <ClInclude Include="Patterns Application.h">
      <Filter>Header Files</Filter>
    </ClInclude>
    <ClInclude Include="please_wait_dlg.h">
      <Filter>Header Files</Filter>
    </ClInclude>
    <ClInclude Include="popup message.h">
      <Filter>Header Files</Filter>
    </ClInclude>
    <ClInclude Include="request_license_dialog.h">
      <Filter>Header Files</Filter>
    </ClInclude>
    <ClInclude Include="Resource.h">
      <Filter>Header Files</Filter>
    </ClInclude>
    <ClInclude Include="stdafx.h">
      <Filter>Header Files</Filter>
    </ClInclude>
    <ClInclude Include="welcome_dlg.h">
      <Filter>Header Files</Filter>
    </ClInclude>
    <ClInclude Include="PatternsVersionNumber.h">
      <Filter>Resource Files</Filter>
    </ClInclude>
    <ClInclude Include="..\Patterns\patterns, conductor.h">
      <Filter>Patterns</Filter>
    </ClInclude>
    <ClInclude Include="..\Patterns\patterns, config.h">
      <Filter>Patterns</Filter>
    </ClInclude>
    <ClInclude Include="..\Patterns\patterns, fetus.h">
      <Filter>Patterns</Filter>
    </ClInclude>
    <ClInclude Include="..\Patterns\patterns, input adapter.h">
      <Filter>Patterns</Filter>
    </ClInclude>
    <ClInclude Include="..\Patterns\patterns, samples.h">
      <Filter>Patterns</Filter>
    </ClInclude>
    <ClInclude Include="..\Patterns\patterns, subscription.h">
      <Filter>Patterns</Filter>
    </ClInclude>
    <ClInclude Include="..\Patterns Gui\patterns gui, patient list control.h">
      <Filter>Patterns GUI</Filter>
    </ClInclude>
    <ClInclude Include="..\Patterns Gui\patterns gui, services.h">
      <Filter>Patterns GUI</Filter>
    </ClInclude>
    <ClInclude Include="..\Patterns Gui\patterns gui, tracing.h">
      <Filter>Patterns GUI</Filter>
    </ClInclude>
    <ClInclude Include="..\Patterns Gui\patterns gui, viewer input adapter.h">
      <Filter>Patterns GUI</Filter>
    </ClInclude>
    <ClInclude Include="base64.h">
      <Filter>All purposes utility classes</Filter>
    </ClInclude>
    <ClInclude Include="dib256.h">
      <Filter>All purposes utility classes</Filter>
    </ClInclude>
    <ClInclude Include="dibpal.h">
      <Filter>All purposes utility classes</Filter>
    </ClInclude>
    <ClInclude Include="file_loading.h">
      <Filter>All purposes utility classes</Filter>
    </ClInclude>
    <ClInclude Include="hyperlink.h">
      <Filter>All purposes utility classes</Filter>
    </ClInclude>
    <ClInclude Include="Rendevouz.h">
      <Filter>All purposes utility classes</Filter>
    </ClInclude>
    <ClInclude Include="sendmail.h">
      <Filter>All purposes utility classes</Filter>
    </ClInclude>
    <ClInclude Include="SerialShield.h">
      <Filter>All purposes utility classes</Filter>
    </ClInclude>
    <ClInclude Include="SplashScreen.h">
      <Filter>All purposes utility classes</Filter>
    </ClInclude>
    <ClInclude Include="tinystr.h">
      <Filter>All purposes utility classes</Filter>
    </ClInclude>
    <ClInclude Include="tinyxml.h">
      <Filter>All purposes utility classes</Filter>
    </ClInclude>
    <ClInclude Include="..\Parer\Classification.h">
      <Filter>Classification</Filter>
    </ClInclude>
    <ClInclude Include="..\Parer\ParerClassifier.h">
      <Filter>Classification</Filter>
    </ClInclude>
  </ItemGroup>
  <ItemGroup>
    <None Include="res\about_banner.bmp">
      <Filter>Resource Files</Filter>
    </None>
    <None Include="res\banner.bmp">
      <Filter>Resource Files</Filter>
    </None>
    <None Include="res\ce_logo.bmp">
      <Filter>Resource Files</Filter>
    </None>
    <None Include="res\left.bmp">
      <Filter>Resource Files</Filter>
    </None>
    <None Include="res\leftmost.bmp">
      <Filter>Resource Files</Filter>
    </None>
    <None Include="res\navigation buttons.bmp">
      <Filter>Resource Files</Filter>
    </None>
    <None Include="res\nextpage.bmp">
      <Filter>Resource Files</Filter>
    </None>
    <None Include="res\Patterns Application.rc2">
      <Filter>Resource Files</Filter>
    </None>
    <None Include="res\patterns.ico">
      <Filter>Resource Files</Filter>
    </None>
    <None Include="res\pause.bmp">
      <Filter>Resource Files</Filter>
    </None>
    <None Include="res\previouspage.bmp">
      <Filter>Resource Files</Filter>
    </None>
    <None Include="res\right.bmp">
      <Filter>Resource Files</Filter>
    </None>
    <None Include="res\rightmost.bmp">
      <Filter>Resource Files</Filter>
    </None>
    <None Include="res\splash-retrospective.bmp">
      <Filter>Resource Files</Filter>
    </None>
    <None Include="res\Welcome.bmp">
      <Filter>Resource Files</Filter>
    </None>
    <None Include="..\..\Setup\Retrospective Patterns Setup\CALM Patterns Research Setup.nsi" />
    <None Include="SerialShield.dll" />
  </ItemGroup>
  <ItemGroup>
    <ResourceCompile Include="Patterns Application.rc">
      <Filter>Resource Files</Filter>
    </ResourceCompile>
    <ResourceCompile Include="..\Patterns Gui\patterns gui, tracing.rc">
      <Filter>Patterns GUI</Filter>
    </ResourceCompile>
  </ItemGroup>
</Project>